// !$*UTF8*$!
{
	archiveVersion = 1;
	classes = {
	};
	objectVersion = 56;
	objects = {

/* Begin PBXBuildFile section */
		C105499B2BDC2B8A004D5FD8 /* CryptoListView.swift in Sources */ = {isa = PBXBuildFile; fileRef = C10549962BDC2B8A004D5FD8 /* CryptoListView.swift */; };
		C105499C2BDC2B8A004D5FD8 /* Preview Assets.xcassets in Resources */ = {isa = PBXBuildFile; fileRef = C10549972BDC2B8A004D5FD8 /* Preview Assets.xcassets */; };
		C105499D2BDC2B8A004D5FD8 /* Assets.xcassets in Resources */ = {isa = PBXBuildFile; fileRef = C10549992BDC2B8A004D5FD8 /* Assets.xcassets */; };
		C105499E2BDC2B8A004D5FD8 /* ExampleApp.swift in Sources */ = {isa = PBXBuildFile; fileRef = C105499A2BDC2B8A004D5FD8 /* ExampleApp.swift */; };
		C13ECB162BE5010300687D9D /* CryptoListViewModel.swift in Sources */ = {isa = PBXBuildFile; fileRef = C13ECB152BE5010300687D9D /* CryptoListViewModel.swift */; };
		C13ECB182BE5011100687D9D /* CryptoListBuilder.swift in Sources */ = {isa = PBXBuildFile; fileRef = C13ECB172BE5011100687D9D /* CryptoListBuilder.swift */; };
		C13ECB1B2BE501AC00687D9D /* DI.swift in Sources */ = {isa = PBXBuildFile; fileRef = C13ECB1A2BE501AC00687D9D /* DI.swift */; };
		C14780442BE3ADE30039D30E /* CryptoAPI.swift in Sources */ = {isa = PBXBuildFile; fileRef = C14780122BE3ADE30039D30E /* CryptoAPI.swift */; };
		C14780452BE3ADE30039D30E /* CryptoDTO.swift in Sources */ = {isa = PBXBuildFile; fileRef = C14780142BE3ADE30039D30E /* CryptoDTO.swift */; };
		C14780462BE3ADE30039D30E /* ListDTO.swift in Sources */ = {isa = PBXBuildFile; fileRef = C14780152BE3ADE30039D30E /* ListDTO.swift */; };
		C14780472BE3ADE30039D30E /* CryptoRemoteDataSource.swift in Sources */ = {isa = PBXBuildFile; fileRef = C14780172BE3ADE30039D30E /* CryptoRemoteDataSource.swift */; };
		C14780482BE3ADE30039D30E /* CryptoDataSourceProtocol.swift in Sources */ = {isa = PBXBuildFile; fileRef = C14780192BE3ADE30039D30E /* CryptoDataSourceProtocol.swift */; };
		C14780492BE3ADE30039D30E /* MarvelAPI.swift in Sources */ = {isa = PBXBuildFile; fileRef = C147801B2BE3ADE30039D30E /* MarvelAPI.swift */; };
		C147804A2BE3ADE30039D30E /* CharacterDTO.swift in Sources */ = {isa = PBXBuildFile; fileRef = C147801D2BE3ADE30039D30E /* CharacterDTO.swift */; };
		C147804B2BE3ADE30039D30E /* MarvelRemoteDataSource.swift in Sources */ = {isa = PBXBuildFile; fileRef = C147801F2BE3ADE30039D30E /* MarvelRemoteDataSource.swift */; };
		C147804C2BE3ADE30039D30E /* MarvelDataSourceProtocol.swift in Sources */ = {isa = PBXBuildFile; fileRef = C14780212BE3ADE30039D30E /* MarvelDataSourceProtocol.swift */; };
		C147804D2BE3ADE30039D30E /* OAuthAPI.swift in Sources */ = {isa = PBXBuildFile; fileRef = C14780232BE3ADE30039D30E /* OAuthAPI.swift */; };
		C147804E2BE3ADE30039D30E /* UserDTO.swift in Sources */ = {isa = PBXBuildFile; fileRef = C14780252BE3ADE30039D30E /* UserDTO.swift */; };
		C147804F2BE3ADE30039D30E /* ProtectedDataSource.swift in Sources */ = {isa = PBXBuildFile; fileRef = C14780272BE3ADE30039D30E /* ProtectedDataSource.swift */; };
		C14780502BE3ADE30039D30E /* ProtectedDataSourceProtocol.swift in Sources */ = {isa = PBXBuildFile; fileRef = C14780292BE3ADE30039D30E /* ProtectedDataSourceProtocol.swift */; };
		C14780512BE3ADE30039D30E /* CryptoRepository.swift in Sources */ = {isa = PBXBuildFile; fileRef = C147802C2BE3ADE30039D30E /* CryptoRepository.swift */; };
		C14780522BE3ADE30039D30E /* MarvelRepository.swift in Sources */ = {isa = PBXBuildFile; fileRef = C147802D2BE3ADE30039D30E /* MarvelRepository.swift */; };
		C14780532BE3ADE30039D30E /* ProtectedRepository.swift in Sources */ = {isa = PBXBuildFile; fileRef = C147802E2BE3ADE30039D30E /* ProtectedRepository.swift */; };
		C14780542BE3ADE30039D30E /* Character.swift in Sources */ = {isa = PBXBuildFile; fileRef = C14780312BE3ADE30039D30E /* Character.swift */; };
		C14780552BE3ADE30039D30E /* Crypto.swift in Sources */ = {isa = PBXBuildFile; fileRef = C14780322BE3ADE30039D30E /* Crypto.swift */; };
		C14780562BE3ADE30039D30E /* User.swift in Sources */ = {isa = PBXBuildFile; fileRef = C14780332BE3ADE30039D30E /* User.swift */; };
		C14780572BE3ADE30039D30E /* CryptoRepositoryProtocol.swift in Sources */ = {isa = PBXBuildFile; fileRef = C14780352BE3ADE30039D30E /* CryptoRepositoryProtocol.swift */; };
		C14780582BE3ADE30039D30E /* MarvelRepositoryProtocol.swift in Sources */ = {isa = PBXBuildFile; fileRef = C14780362BE3ADE30039D30E /* MarvelRepositoryProtocol.swift */; };
		C14780592BE3ADE30039D30E /* ProtectedRepositoryProtocol.swift in Sources */ = {isa = PBXBuildFile; fileRef = C14780372BE3ADE30039D30E /* ProtectedRepositoryProtocol.swift */; };
		C147805A2BE3ADE30039D30E /* CryptoUseCases.swift in Sources */ = {isa = PBXBuildFile; fileRef = C14780392BE3ADE30039D30E /* CryptoUseCases.swift */; };
		C147805B2BE3ADE30039D30E /* CryptoUseCasesProtocol.swift in Sources */ = {isa = PBXBuildFile; fileRef = C147803A2BE3ADE30039D30E /* CryptoUseCasesProtocol.swift */; };
		C147805C2BE3ADE30039D30E /* MarvelUseCases.swift in Sources */ = {isa = PBXBuildFile; fileRef = C147803C2BE3ADE30039D30E /* MarvelUseCases.swift */; };
		C147805D2BE3ADE30039D30E /* MarvelUseCasesProtocol.swift in Sources */ = {isa = PBXBuildFile; fileRef = C147803D2BE3ADE30039D30E /* MarvelUseCasesProtocol.swift */; };
		C147805E2BE3ADE30039D30E /* ProtectedUseCases.swift in Sources */ = {isa = PBXBuildFile; fileRef = C147803F2BE3ADE30039D30E /* ProtectedUseCases.swift */; };
		C147805F2BE3ADE30039D30E /* ProtectedUseCasesProtocol.swift in Sources */ = {isa = PBXBuildFile; fileRef = C14780402BE3ADE30039D30E /* ProtectedUseCasesProtocol.swift */; };
		C14780642BE3AE4C0039D30E /* TripleA in Frameworks */ = {isa = PBXBuildFile; productRef = C14780632BE3AE4C0039D30E /* TripleA */; };
/* End PBXBuildFile section */

/* Begin PBXFileReference section */
		C10549842BDC2B2D004D5FD8 /* Example.app */ = {isa = PBXFileReference; explicitFileType = wrapper.application; includeInIndex = 0; path = Example.app; sourceTree = BUILT_PRODUCTS_DIR; };
		C10549962BDC2B8A004D5FD8 /* CryptoListView.swift */ = {isa = PBXFileReference; fileEncoding = 4; lastKnownFileType = sourcecode.swift; path = CryptoListView.swift; sourceTree = "<group>"; };
		C10549972BDC2B8A004D5FD8 /* Preview Assets.xcassets */ = {isa = PBXFileReference; lastKnownFileType = folder.assetcatalog; path = "Preview Assets.xcassets"; sourceTree = "<group>"; };
		C10549992BDC2B8A004D5FD8 /* Assets.xcassets */ = {isa = PBXFileReference; lastKnownFileType = folder.assetcatalog; path = Assets.xcassets; sourceTree = "<group>"; };
		C105499A2BDC2B8A004D5FD8 /* ExampleApp.swift */ = {isa = PBXFileReference; fileEncoding = 4; lastKnownFileType = sourcecode.swift; path = ExampleApp.swift; sourceTree = "<group>"; };
		C13ECB152BE5010300687D9D /* CryptoListViewModel.swift */ = {isa = PBXFileReference; lastKnownFileType = sourcecode.swift; path = CryptoListViewModel.swift; sourceTree = "<group>"; };
		C13ECB172BE5011100687D9D /* CryptoListBuilder.swift */ = {isa = PBXFileReference; lastKnownFileType = sourcecode.swift; path = CryptoListBuilder.swift; sourceTree = "<group>"; };
		C13ECB1A2BE501AC00687D9D /* DI.swift */ = {isa = PBXFileReference; lastKnownFileType = sourcecode.swift; path = DI.swift; sourceTree = "<group>"; };
		C14780122BE3ADE30039D30E /* CryptoAPI.swift */ = {isa = PBXFileReference; fileEncoding = 4; lastKnownFileType = sourcecode.swift; path = CryptoAPI.swift; sourceTree = "<group>"; };
		C14780142BE3ADE30039D30E /* CryptoDTO.swift */ = {isa = PBXFileReference; fileEncoding = 4; lastKnownFileType = sourcecode.swift; path = CryptoDTO.swift; sourceTree = "<group>"; };
		C14780152BE3ADE30039D30E /* ListDTO.swift */ = {isa = PBXFileReference; fileEncoding = 4; lastKnownFileType = sourcecode.swift; path = ListDTO.swift; sourceTree = "<group>"; };
		C14780172BE3ADE30039D30E /* CryptoRemoteDataSource.swift */ = {isa = PBXFileReference; fileEncoding = 4; lastKnownFileType = sourcecode.swift; path = CryptoRemoteDataSource.swift; sourceTree = "<group>"; };
		C14780192BE3ADE30039D30E /* CryptoDataSourceProtocol.swift */ = {isa = PBXFileReference; fileEncoding = 4; lastKnownFileType = sourcecode.swift; path = CryptoDataSourceProtocol.swift; sourceTree = "<group>"; };
		C147801B2BE3ADE30039D30E /* MarvelAPI.swift */ = {isa = PBXFileReference; fileEncoding = 4; lastKnownFileType = sourcecode.swift; path = MarvelAPI.swift; sourceTree = "<group>"; };
		C147801D2BE3ADE30039D30E /* CharacterDTO.swift */ = {isa = PBXFileReference; fileEncoding = 4; lastKnownFileType = sourcecode.swift; path = CharacterDTO.swift; sourceTree = "<group>"; };
		C147801F2BE3ADE30039D30E /* MarvelRemoteDataSource.swift */ = {isa = PBXFileReference; fileEncoding = 4; lastKnownFileType = sourcecode.swift; path = MarvelRemoteDataSource.swift; sourceTree = "<group>"; };
		C14780212BE3ADE30039D30E /* MarvelDataSourceProtocol.swift */ = {isa = PBXFileReference; fileEncoding = 4; lastKnownFileType = sourcecode.swift; path = MarvelDataSourceProtocol.swift; sourceTree = "<group>"; };
		C14780232BE3ADE30039D30E /* OAuthAPI.swift */ = {isa = PBXFileReference; fileEncoding = 4; lastKnownFileType = sourcecode.swift; path = OAuthAPI.swift; sourceTree = "<group>"; };
		C14780252BE3ADE30039D30E /* UserDTO.swift */ = {isa = PBXFileReference; fileEncoding = 4; lastKnownFileType = sourcecode.swift; path = UserDTO.swift; sourceTree = "<group>"; };
		C14780272BE3ADE30039D30E /* ProtectedDataSource.swift */ = {isa = PBXFileReference; fileEncoding = 4; lastKnownFileType = sourcecode.swift; path = ProtectedDataSource.swift; sourceTree = "<group>"; };
		C14780292BE3ADE30039D30E /* ProtectedDataSourceProtocol.swift */ = {isa = PBXFileReference; fileEncoding = 4; lastKnownFileType = sourcecode.swift; path = ProtectedDataSourceProtocol.swift; sourceTree = "<group>"; };
		C147802C2BE3ADE30039D30E /* CryptoRepository.swift */ = {isa = PBXFileReference; fileEncoding = 4; lastKnownFileType = sourcecode.swift; path = CryptoRepository.swift; sourceTree = "<group>"; };
		C147802D2BE3ADE30039D30E /* MarvelRepository.swift */ = {isa = PBXFileReference; fileEncoding = 4; lastKnownFileType = sourcecode.swift; path = MarvelRepository.swift; sourceTree = "<group>"; };
		C147802E2BE3ADE30039D30E /* ProtectedRepository.swift */ = {isa = PBXFileReference; fileEncoding = 4; lastKnownFileType = sourcecode.swift; path = ProtectedRepository.swift; sourceTree = "<group>"; };
		C14780312BE3ADE30039D30E /* Character.swift */ = {isa = PBXFileReference; fileEncoding = 4; lastKnownFileType = sourcecode.swift; path = Character.swift; sourceTree = "<group>"; };
		C14780322BE3ADE30039D30E /* Crypto.swift */ = {isa = PBXFileReference; fileEncoding = 4; lastKnownFileType = sourcecode.swift; path = Crypto.swift; sourceTree = "<group>"; };
		C14780332BE3ADE30039D30E /* User.swift */ = {isa = PBXFileReference; fileEncoding = 4; lastKnownFileType = sourcecode.swift; path = User.swift; sourceTree = "<group>"; };
		C14780352BE3ADE30039D30E /* CryptoRepositoryProtocol.swift */ = {isa = PBXFileReference; fileEncoding = 4; lastKnownFileType = sourcecode.swift; path = CryptoRepositoryProtocol.swift; sourceTree = "<group>"; };
		C14780362BE3ADE30039D30E /* MarvelRepositoryProtocol.swift */ = {isa = PBXFileReference; fileEncoding = 4; lastKnownFileType = sourcecode.swift; path = MarvelRepositoryProtocol.swift; sourceTree = "<group>"; };
		C14780372BE3ADE30039D30E /* ProtectedRepositoryProtocol.swift */ = {isa = PBXFileReference; fileEncoding = 4; lastKnownFileType = sourcecode.swift; path = ProtectedRepositoryProtocol.swift; sourceTree = "<group>"; };
		C14780392BE3ADE30039D30E /* CryptoUseCases.swift */ = {isa = PBXFileReference; fileEncoding = 4; lastKnownFileType = sourcecode.swift; path = CryptoUseCases.swift; sourceTree = "<group>"; };
		C147803A2BE3ADE30039D30E /* CryptoUseCasesProtocol.swift */ = {isa = PBXFileReference; fileEncoding = 4; lastKnownFileType = sourcecode.swift; path = CryptoUseCasesProtocol.swift; sourceTree = "<group>"; };
		C147803C2BE3ADE30039D30E /* MarvelUseCases.swift */ = {isa = PBXFileReference; fileEncoding = 4; lastKnownFileType = sourcecode.swift; path = MarvelUseCases.swift; sourceTree = "<group>"; };
		C147803D2BE3ADE30039D30E /* MarvelUseCasesProtocol.swift */ = {isa = PBXFileReference; fileEncoding = 4; lastKnownFileType = sourcecode.swift; path = MarvelUseCasesProtocol.swift; sourceTree = "<group>"; };
		C147803F2BE3ADE30039D30E /* ProtectedUseCases.swift */ = {isa = PBXFileReference; fileEncoding = 4; lastKnownFileType = sourcecode.swift; path = ProtectedUseCases.swift; sourceTree = "<group>"; };
		C14780402BE3ADE30039D30E /* ProtectedUseCasesProtocol.swift */ = {isa = PBXFileReference; fileEncoding = 4; lastKnownFileType = sourcecode.swift; path = ProtectedUseCasesProtocol.swift; sourceTree = "<group>"; };
/* End PBXFileReference section */

/* Begin PBXFrameworksBuildPhase section */
		C10549812BDC2B2D004D5FD8 /* Frameworks */ = {
			isa = PBXFrameworksBuildPhase;
			buildActionMask = 2147483647;
			files = (
				C14780642BE3AE4C0039D30E /* TripleA in Frameworks */,
			);
			runOnlyForDeploymentPostprocessing = 0;
		};
/* End PBXFrameworksBuildPhase section */

/* Begin PBXGroup section */
		C105497B2BDC2B2D004D5FD8 = {
			isa = PBXGroup;
			children = (
				C13ECB192BE501A300687D9D /* DI */,
				C14780302BE3ADE30039D30E /* Data */,
				C14780432BE3ADE30039D30E /* Domain */,
				C14780602BE3ADE70039D30E /* Presentation */,
				C14780612BE3ADF20039D30E /* Resources */,
				C10549982BDC2B8A004D5FD8 /* Preview Content */,
				C10549852BDC2B2D004D5FD8 /* Products */,
			);
			sourceTree = "<group>";
		};
		C10549852BDC2B2D004D5FD8 /* Products */ = {
			isa = PBXGroup;
			children = (
				C10549842BDC2B2D004D5FD8 /* Example.app */,
			);
			name = Products;
			sourceTree = "<group>";
		};
		C10549982BDC2B8A004D5FD8 /* Preview Content */ = {
			isa = PBXGroup;
			children = (
				C10549972BDC2B8A004D5FD8 /* Preview Assets.xcassets */,
			);
			path = "Preview Content";
			sourceTree = "<group>";
		};
		C13ECB122BE5007700687D9D /* App */ = {
			isa = PBXGroup;
			children = (
				C105499A2BDC2B8A004D5FD8 /* ExampleApp.swift */,
			);
			path = App;
			sourceTree = "<group>";
		};
		C13ECB132BE5007D00687D9D /* Modules */ = {
			isa = PBXGroup;
			children = (
				C13ECB142BE5009800687D9D /* CryptoList */,
			);
			path = Modules;
			sourceTree = "<group>";
		};
		C13ECB142BE5009800687D9D /* CryptoList */ = {
			isa = PBXGroup;
			children = (
				C10549962BDC2B8A004D5FD8 /* CryptoListView.swift */,
				C13ECB152BE5010300687D9D /* CryptoListViewModel.swift */,
				C13ECB172BE5011100687D9D /* CryptoListBuilder.swift */,
			);
			path = CryptoList;
			sourceTree = "<group>";
		};
		C13ECB192BE501A300687D9D /* DI */ = {
			isa = PBXGroup;
			children = (
				C13ECB1A2BE501AC00687D9D /* DI.swift */,
			);
			path = DI;
			sourceTree = "<group>";
		};
		C14780132BE3ADE30039D30E /* API */ = {
			isa = PBXGroup;
			children = (
				C14780122BE3ADE30039D30E /* CryptoAPI.swift */,
			);
			path = API;
			sourceTree = "<group>";
		};
		C14780162BE3ADE30039D30E /* DTO */ = {
			isa = PBXGroup;
			children = (
				C14780142BE3ADE30039D30E /* CryptoDTO.swift */,
				C14780152BE3ADE30039D30E /* ListDTO.swift */,
			);
			path = DTO;
			sourceTree = "<group>";
		};
		C14780182BE3ADE30039D30E /* Remote */ = {
			isa = PBXGroup;
			children = (
				C14780132BE3ADE30039D30E /* API */,
				C14780162BE3ADE30039D30E /* DTO */,
				C14780172BE3ADE30039D30E /* CryptoRemoteDataSource.swift */,
			);
			path = Remote;
			sourceTree = "<group>";
		};
		C147801A2BE3ADE30039D30E /* CryptoDataSource */ = {
			isa = PBXGroup;
			children = (
				C14780182BE3ADE30039D30E /* Remote */,
				C14780192BE3ADE30039D30E /* CryptoDataSourceProtocol.swift */,
			);
			path = CryptoDataSource;
			sourceTree = "<group>";
		};
		C147801C2BE3ADE30039D30E /* API */ = {
			isa = PBXGroup;
			children = (
				C147801B2BE3ADE30039D30E /* MarvelAPI.swift */,
			);
			path = API;
			sourceTree = "<group>";
		};
		C147801E2BE3ADE30039D30E /* DTO */ = {
			isa = PBXGroup;
			children = (
				C147801D2BE3ADE30039D30E /* CharacterDTO.swift */,
			);
			path = DTO;
			sourceTree = "<group>";
		};
		C14780202BE3ADE30039D30E /* Remote */ = {
			isa = PBXGroup;
			children = (
				C147801C2BE3ADE30039D30E /* API */,
				C147801E2BE3ADE30039D30E /* DTO */,
				C147801F2BE3ADE30039D30E /* MarvelRemoteDataSource.swift */,
			);
			path = Remote;
			sourceTree = "<group>";
		};
		C14780222BE3ADE30039D30E /* MarvelDataSource */ = {
			isa = PBXGroup;
			children = (
				C14780202BE3ADE30039D30E /* Remote */,
				C14780212BE3ADE30039D30E /* MarvelDataSourceProtocol.swift */,
			);
			path = MarvelDataSource;
			sourceTree = "<group>";
		};
		C14780242BE3ADE30039D30E /* API */ = {
			isa = PBXGroup;
			children = (
				C14780232BE3ADE30039D30E /* OAuthAPI.swift */,
			);
			path = API;
			sourceTree = "<group>";
		};
		C14780262BE3ADE30039D30E /* DTO */ = {
			isa = PBXGroup;
			children = (
				C14780252BE3ADE30039D30E /* UserDTO.swift */,
			);
			path = DTO;
			sourceTree = "<group>";
		};
		C14780282BE3ADE30039D30E /* Remote */ = {
			isa = PBXGroup;
			children = (
				C14780242BE3ADE30039D30E /* API */,
				C14780262BE3ADE30039D30E /* DTO */,
				C14780272BE3ADE30039D30E /* ProtectedDataSource.swift */,
			);
			path = Remote;
			sourceTree = "<group>";
		};
		C147802A2BE3ADE30039D30E /* ProtectedDataSource */ = {
			isa = PBXGroup;
			children = (
				C14780282BE3ADE30039D30E /* Remote */,
				C14780292BE3ADE30039D30E /* ProtectedDataSourceProtocol.swift */,
			);
			path = ProtectedDataSource;
			sourceTree = "<group>";
		};
		C147802B2BE3ADE30039D30E /* Datasources */ = {
			isa = PBXGroup;
			children = (
				C147801A2BE3ADE30039D30E /* CryptoDataSource */,
				C14780222BE3ADE30039D30E /* MarvelDataSource */,
				C147802A2BE3ADE30039D30E /* ProtectedDataSource */,
			);
			path = Datasources;
			sourceTree = "<group>";
		};
		C147802F2BE3ADE30039D30E /* Repositories */ = {
			isa = PBXGroup;
			children = (
				C147802C2BE3ADE30039D30E /* CryptoRepository.swift */,
				C147802D2BE3ADE30039D30E /* MarvelRepository.swift */,
				C147802E2BE3ADE30039D30E /* ProtectedRepository.swift */,
			);
			path = Repositories;
			sourceTree = "<group>";
		};
		C14780302BE3ADE30039D30E /* Data */ = {
			isa = PBXGroup;
			children = (
				C147802B2BE3ADE30039D30E /* Datasources */,
				C147802F2BE3ADE30039D30E /* Repositories */,
			);
			path = Data;
			sourceTree = "<group>";
		};
		C14780342BE3ADE30039D30E /* Entities */ = {
			isa = PBXGroup;
			children = (
				C14780312BE3ADE30039D30E /* Character.swift */,
				C14780322BE3ADE30039D30E /* Crypto.swift */,
				C14780332BE3ADE30039D30E /* User.swift */,
			);
			path = Entities;
			sourceTree = "<group>";
		};
		C14780382BE3ADE30039D30E /* Repositories */ = {
			isa = PBXGroup;
			children = (
				C14780352BE3ADE30039D30E /* CryptoRepositoryProtocol.swift */,
				C14780362BE3ADE30039D30E /* MarvelRepositoryProtocol.swift */,
				C14780372BE3ADE30039D30E /* ProtectedRepositoryProtocol.swift */,
			);
			path = Repositories;
			sourceTree = "<group>";
		};
		C147803B2BE3ADE30039D30E /* Crypto */ = {
			isa = PBXGroup;
			children = (
				C14780392BE3ADE30039D30E /* CryptoUseCases.swift */,
				C147803A2BE3ADE30039D30E /* CryptoUseCasesProtocol.swift */,
			);
			path = Crypto;
			sourceTree = "<group>";
		};
		C147803E2BE3ADE30039D30E /* Marvel */ = {
			isa = PBXGroup;
			children = (
				C147803C2BE3ADE30039D30E /* MarvelUseCases.swift */,
				C147803D2BE3ADE30039D30E /* MarvelUseCasesProtocol.swift */,
			);
			path = Marvel;
			sourceTree = "<group>";
		};
		C14780412BE3ADE30039D30E /* Protected */ = {
			isa = PBXGroup;
			children = (
				C147803F2BE3ADE30039D30E /* ProtectedUseCases.swift */,
				C14780402BE3ADE30039D30E /* ProtectedUseCasesProtocol.swift */,
			);
			path = Protected;
			sourceTree = "<group>";
		};
		C14780422BE3ADE30039D30E /* UseCases */ = {
			isa = PBXGroup;
			children = (
				C147803B2BE3ADE30039D30E /* Crypto */,
				C147803E2BE3ADE30039D30E /* Marvel */,
				C14780412BE3ADE30039D30E /* Protected */,
			);
			path = UseCases;
			sourceTree = "<group>";
		};
		C14780432BE3ADE30039D30E /* Domain */ = {
			isa = PBXGroup;
			children = (
				C14780342BE3ADE30039D30E /* Entities */,
				C14780382BE3ADE30039D30E /* Repositories */,
				C14780422BE3ADE30039D30E /* UseCases */,
			);
			path = Domain;
			sourceTree = "<group>";
		};
		C14780602BE3ADE70039D30E /* Presentation */ = {
			isa = PBXGroup;
			children = (
				C13ECB132BE5007D00687D9D /* Modules */,
				C13ECB122BE5007700687D9D /* App */,
			);
			path = Presentation;
			sourceTree = "<group>";
		};
		C14780612BE3ADF20039D30E /* Resources */ = {
			isa = PBXGroup;
			children = (
				C10549992BDC2B8A004D5FD8 /* Assets.xcassets */,
			);
			path = Resources;
			sourceTree = "<group>";
		};
/* End PBXGroup section */

/* Begin PBXNativeTarget section */
		C10549832BDC2B2D004D5FD8 /* Example */ = {
			isa = PBXNativeTarget;
			buildConfigurationList = C10549922BDC2B30004D5FD8 /* Build configuration list for PBXNativeTarget "Example" */;
			buildPhases = (
				C10549802BDC2B2D004D5FD8 /* Sources */,
				C10549812BDC2B2D004D5FD8 /* Frameworks */,
				C10549822BDC2B2D004D5FD8 /* Resources */,
			);
			buildRules = (
			);
			dependencies = (
			);
			name = Example;
			packageProductDependencies = (
				C14780632BE3AE4C0039D30E /* TripleA */,
			);
			productName = Example;
			productReference = C10549842BDC2B2D004D5FD8 /* Example.app */;
			productType = "com.apple.product-type.application";
		};
/* End PBXNativeTarget section */

/* Begin PBXProject section */
		C105497C2BDC2B2D004D5FD8 /* Project object */ = {
			isa = PBXProject;
			attributes = {
				BuildIndependentTargetsInParallel = 1;
				LastSwiftUpdateCheck = 1530;
				LastUpgradeCheck = 1530;
				TargetAttributes = {
					C10549832BDC2B2D004D5FD8 = {
						CreatedOnToolsVersion = 15.3;
						LastSwiftMigration = 1530;
					};
				};
			};
			buildConfigurationList = C105497F2BDC2B2D004D5FD8 /* Build configuration list for PBXProject "Example" */;
			compatibilityVersion = "Xcode 14.0";
			developmentRegion = en;
			hasScannedForEncodings = 0;
			knownRegions = (
				en,
				Base,
			);
			mainGroup = C105497B2BDC2B2D004D5FD8;
			packageReferences = (
				C14780622BE3AE4C0039D30E /* XCRemoteSwiftPackageReference "TripleA" */,
			);
			productRefGroup = C10549852BDC2B2D004D5FD8 /* Products */;
			projectDirPath = "";
			projectRoot = "";
			targets = (
				C10549832BDC2B2D004D5FD8 /* Example */,
			);
		};
/* End PBXProject section */

/* Begin PBXResourcesBuildPhase section */
		C10549822BDC2B2D004D5FD8 /* Resources */ = {
			isa = PBXResourcesBuildPhase;
			buildActionMask = 2147483647;
			files = (
				C105499D2BDC2B8A004D5FD8 /* Assets.xcassets in Resources */,
				C105499C2BDC2B8A004D5FD8 /* Preview Assets.xcassets in Resources */,
			);
			runOnlyForDeploymentPostprocessing = 0;
		};
/* End PBXResourcesBuildPhase section */

/* Begin PBXSourcesBuildPhase section */
		C10549802BDC2B2D004D5FD8 /* Sources */ = {
			isa = PBXSourcesBuildPhase;
			buildActionMask = 2147483647;
			files = (
				C13ECB162BE5010300687D9D /* CryptoListViewModel.swift in Sources */,
				C14780502BE3ADE30039D30E /* ProtectedDataSourceProtocol.swift in Sources */,
				C14780442BE3ADE30039D30E /* CryptoAPI.swift in Sources */,
				C147805F2BE3ADE30039D30E /* ProtectedUseCasesProtocol.swift in Sources */,
				C14780582BE3ADE30039D30E /* MarvelRepositoryProtocol.swift in Sources */,
				C14780572BE3ADE30039D30E /* CryptoRepositoryProtocol.swift in Sources */,
				C147805A2BE3ADE30039D30E /* CryptoUseCases.swift in Sources */,
				C14780512BE3ADE30039D30E /* CryptoRepository.swift in Sources */,
				C147805B2BE3ADE30039D30E /* CryptoUseCasesProtocol.swift in Sources */,
				C105499E2BDC2B8A004D5FD8 /* ExampleApp.swift in Sources */,
				C14780452BE3ADE30039D30E /* CryptoDTO.swift in Sources */,
				C147804A2BE3ADE30039D30E /* CharacterDTO.swift in Sources */,
				C14780592BE3ADE30039D30E /* ProtectedRepositoryProtocol.swift in Sources */,
				C14780532BE3ADE30039D30E /* ProtectedRepository.swift in Sources */,
				C14780492BE3ADE30039D30E /* MarvelAPI.swift in Sources */,
				C147804E2BE3ADE30039D30E /* UserDTO.swift in Sources */,
				C147804B2BE3ADE30039D30E /* MarvelRemoteDataSource.swift in Sources */,
				C14780482BE3ADE30039D30E /* CryptoDataSourceProtocol.swift in Sources */,
				C147805D2BE3ADE30039D30E /* MarvelUseCasesProtocol.swift in Sources */,
				C14780472BE3ADE30039D30E /* CryptoRemoteDataSource.swift in Sources */,
				C14780552BE3ADE30039D30E /* Crypto.swift in Sources */,
				C147805C2BE3ADE30039D30E /* MarvelUseCases.swift in Sources */,
				C13ECB182BE5011100687D9D /* CryptoListBuilder.swift in Sources */,
				C147804F2BE3ADE30039D30E /* ProtectedDataSource.swift in Sources */,
				C147805E2BE3ADE30039D30E /* ProtectedUseCases.swift in Sources */,
				C147804D2BE3ADE30039D30E /* OAuthAPI.swift in Sources */,
				C13ECB1B2BE501AC00687D9D /* DI.swift in Sources */,
				C14780522BE3ADE30039D30E /* MarvelRepository.swift in Sources */,
				C147804C2BE3ADE30039D30E /* MarvelDataSourceProtocol.swift in Sources */,
				C105499B2BDC2B8A004D5FD8 /* CryptoListView.swift in Sources */,
				C14780462BE3ADE30039D30E /* ListDTO.swift in Sources */,
				C14780542BE3ADE30039D30E /* Character.swift in Sources */,
				C14780562BE3ADE30039D30E /* User.swift in Sources */,
			);
			runOnlyForDeploymentPostprocessing = 0;
		};
/* End PBXSourcesBuildPhase section */

/* Begin XCBuildConfiguration section */
		C10549902BDC2B30004D5FD8 /* Debug */ = {
			isa = XCBuildConfiguration;
			buildSettings = {
				ALWAYS_SEARCH_USER_PATHS = NO;
				ASSETCATALOG_COMPILER_GENERATE_SWIFT_ASSET_SYMBOL_EXTENSIONS = YES;
				CLANG_ANALYZER_NONNULL = YES;
				CLANG_ANALYZER_NUMBER_OBJECT_CONVERSION = YES_AGGRESSIVE;
				CLANG_CXX_LANGUAGE_STANDARD = "gnu++20";
				CLANG_ENABLE_MODULES = YES;
				CLANG_ENABLE_OBJC_ARC = YES;
				CLANG_ENABLE_OBJC_WEAK = YES;
				CLANG_WARN_BLOCK_CAPTURE_AUTORELEASING = YES;
				CLANG_WARN_BOOL_CONVERSION = YES;
				CLANG_WARN_COMMA = YES;
				CLANG_WARN_CONSTANT_CONVERSION = YES;
				CLANG_WARN_DEPRECATED_OBJC_IMPLEMENTATIONS = YES;
				CLANG_WARN_DIRECT_OBJC_ISA_USAGE = YES_ERROR;
				CLANG_WARN_DOCUMENTATION_COMMENTS = YES;
				CLANG_WARN_EMPTY_BODY = YES;
				CLANG_WARN_ENUM_CONVERSION = YES;
				CLANG_WARN_INFINITE_RECURSION = YES;
				CLANG_WARN_INT_CONVERSION = YES;
				CLANG_WARN_NON_LITERAL_NULL_CONVERSION = YES;
				CLANG_WARN_OBJC_IMPLICIT_RETAIN_SELF = YES;
				CLANG_WARN_OBJC_LITERAL_CONVERSION = YES;
				CLANG_WARN_OBJC_ROOT_CLASS = YES_ERROR;
				CLANG_WARN_QUOTED_INCLUDE_IN_FRAMEWORK_HEADER = YES;
				CLANG_WARN_RANGE_LOOP_ANALYSIS = YES;
				CLANG_WARN_STRICT_PROTOTYPES = YES;
				CLANG_WARN_SUSPICIOUS_MOVE = YES;
				CLANG_WARN_UNGUARDED_AVAILABILITY = YES_AGGRESSIVE;
				CLANG_WARN_UNREACHABLE_CODE = YES;
				CLANG_WARN__DUPLICATE_METHOD_MATCH = YES;
				COPY_PHASE_STRIP = NO;
				DEBUG_INFORMATION_FORMAT = dwarf;
				ENABLE_STRICT_OBJC_MSGSEND = YES;
				ENABLE_TESTABILITY = YES;
				ENABLE_USER_SCRIPT_SANDBOXING = YES;
				GCC_C_LANGUAGE_STANDARD = gnu17;
				GCC_DYNAMIC_NO_PIC = NO;
				GCC_NO_COMMON_BLOCKS = YES;
				GCC_OPTIMIZATION_LEVEL = 0;
				GCC_PREPROCESSOR_DEFINITIONS = (
					"DEBUG=1",
					"$(inherited)",
				);
				GCC_WARN_64_TO_32_BIT_CONVERSION = YES;
				GCC_WARN_ABOUT_RETURN_TYPE = YES_ERROR;
				GCC_WARN_UNDECLARED_SELECTOR = YES;
				GCC_WARN_UNINITIALIZED_AUTOS = YES_AGGRESSIVE;
				GCC_WARN_UNUSED_FUNCTION = YES;
				GCC_WARN_UNUSED_VARIABLE = YES;
				IPHONEOS_DEPLOYMENT_TARGET = 17.4;
				LOCALIZATION_PREFERS_STRING_CATALOGS = YES;
				MTL_ENABLE_DEBUG_INFO = INCLUDE_SOURCE;
				MTL_FAST_MATH = YES;
				ONLY_ACTIVE_ARCH = YES;
				SDKROOT = iphoneos;
				SWIFT_ACTIVE_COMPILATION_CONDITIONS = "DEBUG $(inherited)";
				SWIFT_OPTIMIZATION_LEVEL = "-Onone";
			};
			name = Debug;
		};
		C10549912BDC2B30004D5FD8 /* Release */ = {
			isa = XCBuildConfiguration;
			buildSettings = {
				ALWAYS_SEARCH_USER_PATHS = NO;
				ASSETCATALOG_COMPILER_GENERATE_SWIFT_ASSET_SYMBOL_EXTENSIONS = YES;
				CLANG_ANALYZER_NONNULL = YES;
				CLANG_ANALYZER_NUMBER_OBJECT_CONVERSION = YES_AGGRESSIVE;
				CLANG_CXX_LANGUAGE_STANDARD = "gnu++20";
				CLANG_ENABLE_MODULES = YES;
				CLANG_ENABLE_OBJC_ARC = YES;
				CLANG_ENABLE_OBJC_WEAK = YES;
				CLANG_WARN_BLOCK_CAPTURE_AUTORELEASING = YES;
				CLANG_WARN_BOOL_CONVERSION = YES;
				CLANG_WARN_COMMA = YES;
				CLANG_WARN_CONSTANT_CONVERSION = YES;
				CLANG_WARN_DEPRECATED_OBJC_IMPLEMENTATIONS = YES;
				CLANG_WARN_DIRECT_OBJC_ISA_USAGE = YES_ERROR;
				CLANG_WARN_DOCUMENTATION_COMMENTS = YES;
				CLANG_WARN_EMPTY_BODY = YES;
				CLANG_WARN_ENUM_CONVERSION = YES;
				CLANG_WARN_INFINITE_RECURSION = YES;
				CLANG_WARN_INT_CONVERSION = YES;
				CLANG_WARN_NON_LITERAL_NULL_CONVERSION = YES;
				CLANG_WARN_OBJC_IMPLICIT_RETAIN_SELF = YES;
				CLANG_WARN_OBJC_LITERAL_CONVERSION = YES;
				CLANG_WARN_OBJC_ROOT_CLASS = YES_ERROR;
				CLANG_WARN_QUOTED_INCLUDE_IN_FRAMEWORK_HEADER = YES;
				CLANG_WARN_RANGE_LOOP_ANALYSIS = YES;
				CLANG_WARN_STRICT_PROTOTYPES = YES;
				CLANG_WARN_SUSPICIOUS_MOVE = YES;
				CLANG_WARN_UNGUARDED_AVAILABILITY = YES_AGGRESSIVE;
				CLANG_WARN_UNREACHABLE_CODE = YES;
				CLANG_WARN__DUPLICATE_METHOD_MATCH = YES;
				COPY_PHASE_STRIP = NO;
				DEBUG_INFORMATION_FORMAT = "dwarf-with-dsym";
				ENABLE_NS_ASSERTIONS = NO;
				ENABLE_STRICT_OBJC_MSGSEND = YES;
				ENABLE_USER_SCRIPT_SANDBOXING = YES;
				GCC_C_LANGUAGE_STANDARD = gnu17;
				GCC_NO_COMMON_BLOCKS = YES;
				GCC_WARN_64_TO_32_BIT_CONVERSION = YES;
				GCC_WARN_ABOUT_RETURN_TYPE = YES_ERROR;
				GCC_WARN_UNDECLARED_SELECTOR = YES;
				GCC_WARN_UNINITIALIZED_AUTOS = YES_AGGRESSIVE;
				GCC_WARN_UNUSED_FUNCTION = YES;
				GCC_WARN_UNUSED_VARIABLE = YES;
				IPHONEOS_DEPLOYMENT_TARGET = 17.4;
				LOCALIZATION_PREFERS_STRING_CATALOGS = YES;
				MTL_ENABLE_DEBUG_INFO = NO;
				MTL_FAST_MATH = YES;
				SDKROOT = iphoneos;
				SWIFT_COMPILATION_MODE = wholemodule;
				VALIDATE_PRODUCT = YES;
			};
			name = Release;
		};
		C10549932BDC2B30004D5FD8 /* Debug */ = {
			isa = XCBuildConfiguration;
			buildSettings = {
				ASSETCATALOG_COMPILER_APPICON_NAME = AppIcon;
				ASSETCATALOG_COMPILER_GLOBAL_ACCENT_COLOR_NAME = AccentColor;
				CLANG_ENABLE_MODULES = YES;
				CODE_SIGN_STYLE = Automatic;
				CURRENT_PROJECT_VERSION = 1;
				DEVELOPMENT_ASSET_PATHS = "\"Preview Content\"";
				DEVELOPMENT_TEAM = 3BJD5A7BSQ;
				ENABLE_PREVIEWS = YES;
				GENERATE_INFOPLIST_FILE = YES;
				INFOPLIST_KEY_UIApplicationSceneManifest_Generation = YES;
				INFOPLIST_KEY_UIApplicationSupportsIndirectInputEvents = YES;
				INFOPLIST_KEY_UILaunchScreen_Generation = YES;
				INFOPLIST_KEY_UISupportedInterfaceOrientations_iPad = "UIInterfaceOrientationPortrait UIInterfaceOrientationPortraitUpsideDown UIInterfaceOrientationLandscapeLeft UIInterfaceOrientationLandscapeRight";
				INFOPLIST_KEY_UISupportedInterfaceOrientations_iPhone = "UIInterfaceOrientationPortrait UIInterfaceOrientationLandscapeLeft UIInterfaceOrientationLandscapeRight";
				LD_RUNPATH_SEARCH_PATHS = (
					"$(inherited)",
					"@executable_path/Frameworks",
				);
				MARKETING_VERSION = 1.0;
				PRODUCT_BUNDLE_IDENTIFIER = es.fernandosalom.example.swiftui.Example;
				PRODUCT_NAME = "$(TARGET_NAME)";
				SWIFT_EMIT_LOC_STRINGS = YES;
				SWIFT_OBJC_BRIDGING_HEADER = "";
				SWIFT_OPTIMIZATION_LEVEL = "-Onone";
				SWIFT_VERSION = 5.0;
				TARGETED_DEVICE_FAMILY = "1,2";
			};
			name = Debug;
		};
		C10549942BDC2B30004D5FD8 /* Release */ = {
			isa = XCBuildConfiguration;
			buildSettings = {
				ASSETCATALOG_COMPILER_APPICON_NAME = AppIcon;
				ASSETCATALOG_COMPILER_GLOBAL_ACCENT_COLOR_NAME = AccentColor;
				CLANG_ENABLE_MODULES = YES;
				CODE_SIGN_STYLE = Automatic;
				CURRENT_PROJECT_VERSION = 1;
				DEVELOPMENT_ASSET_PATHS = "\"Preview Content\"";
				DEVELOPMENT_TEAM = 3BJD5A7BSQ;
				ENABLE_PREVIEWS = YES;
				GENERATE_INFOPLIST_FILE = YES;
				INFOPLIST_KEY_UIApplicationSceneManifest_Generation = YES;
				INFOPLIST_KEY_UIApplicationSupportsIndirectInputEvents = YES;
				INFOPLIST_KEY_UILaunchScreen_Generation = YES;
				INFOPLIST_KEY_UISupportedInterfaceOrientations_iPad = "UIInterfaceOrientationPortrait UIInterfaceOrientationPortraitUpsideDown UIInterfaceOrientationLandscapeLeft UIInterfaceOrientationLandscapeRight";
				INFOPLIST_KEY_UISupportedInterfaceOrientations_iPhone = "UIInterfaceOrientationPortrait UIInterfaceOrientationLandscapeLeft UIInterfaceOrientationLandscapeRight";
				LD_RUNPATH_SEARCH_PATHS = (
					"$(inherited)",
					"@executable_path/Frameworks",
				);
				MARKETING_VERSION = 1.0;
				PRODUCT_BUNDLE_IDENTIFIER = es.fernandosalom.example.swiftui.Example;
				PRODUCT_NAME = "$(TARGET_NAME)";
				SWIFT_EMIT_LOC_STRINGS = YES;
				SWIFT_OBJC_BRIDGING_HEADER = "";
				SWIFT_VERSION = 5.0;
				TARGETED_DEVICE_FAMILY = "1,2";
			};
			name = Release;
		};
/* End XCBuildConfiguration section */

/* Begin XCConfigurationList section */
		C105497F2BDC2B2D004D5FD8 /* Build configuration list for PBXProject "Example" */ = {
			isa = XCConfigurationList;
			buildConfigurations = (
				C10549902BDC2B30004D5FD8 /* Debug */,
				C10549912BDC2B30004D5FD8 /* Release */,
			);
			defaultConfigurationIsVisible = 0;
			defaultConfigurationName = Release;
		};
		C10549922BDC2B30004D5FD8 /* Build configuration list for PBXNativeTarget "Example" */ = {
			isa = XCConfigurationList;
			buildConfigurations = (
				C10549932BDC2B30004D5FD8 /* Debug */,
				C10549942BDC2B30004D5FD8 /* Release */,
			);
			defaultConfigurationIsVisible = 0;
			defaultConfigurationName = Release;
		};
/* End XCConfigurationList section */

/* Begin XCRemoteSwiftPackageReference section */
		C14780622BE3AE4C0039D30E /* XCRemoteSwiftPackageReference "TripleA" */ = {
			isa = XCRemoteSwiftPackageReference;
			repositoryURL = "https://github.com/fsalom/TripleA";
			requirement = {
				kind = upToNextMajorVersion;
				minimumVersion = 1.0.21;
			};
		};
/* End XCRemoteSwiftPackageReference section */

/* Begin XCSwiftPackageProductDependency section */
		C14780632BE3AE4C0039D30E /* TripleA */ = {
			isa = XCSwiftPackageProductDependency;
			package = C14780622BE3AE4C0039D30E /* XCRemoteSwiftPackageReference "TripleA" */;
			productName = TripleA;
		};
/* End XCSwiftPackageProductDependency section */
	};
	rootObject = C105497C2BDC2B2D004D5FD8 /* Project object */;
}
