{
  "originHash" : "a1f4c057d4a83c2f1957fc8523a08267210cb999ec4ba5b0daf227f1647a492d",
  "pins" : [
    {
      "identity" : "triplea",
      "kind" : "remoteSourceControl",
      "location" : "https://github.com/fsalom/TripleA",
      "state" : {
        "revision" : "27a14d4469807bf19ae19528a4ac6c054652cf51",
        "version" : "2.0.2"
      }
    }
  ],
  "version" : 3
}
