{
  "originHash" : "a1f4c057d4a83c2f1957fc8523a08267210cb999ec4ba5b0daf227f1647a492d",
  "pins" : [
    {
      "identity" : "triplea",
      "kind" : "remoteSourceControl",
      "location" : "https://github.com/fsalom/TripleA",
      "state" : {
        "branch" : "main",
        "revision" : "09cf665b3506b090bc63ac5c3a3c218fa95fac20"
      }
    }
  ],
  "version" : 3
}
