{
  "originHash" : "a1f4c057d4a83c2f1957fc8523a08267210cb999ec4ba5b0daf227f1647a492d",
  "pins" : [
    {
      "identity" : "triplea",
      "kind" : "remoteSourceControl",
      "location" : "https://github.com/fsalom/TripleA",
      "state" : {
        "branch" : "main",
        "revision" : "eeea00611f7daa5801bd01d25f1d9120b317d672"
      }
    }
  ],
  "version" : 3
}
