// !$*UTF8*$!
{
	archiveVersion = 1;
	classes = {
	};
	objectVersion = 55;
	objects = {

/* Begin PBXBuildFile section */
		AAA8F0692BB328E8005D7730 /* Container.swift in Sources */ = {isa = PBXBuildFile; fileRef = AAA8F02A2BB328E8005D7730 /* Container.swift */; };
		AAA8F06A2BB328E8005D7730 /* Assets.xcassets in Resources */ = {isa = PBXBuildFile; fileRef = AAA8F02B2BB328E8005D7730 /* Assets.xcassets */; };
		AAA8F06B2BB328E8005D7730 /* LaunchScreen.storyboard in Resources */ = {isa = PBXBuildFile; fileRef = AAA8F02C2BB328E8005D7730 /* LaunchScreen.storyboard */; };
		AAA8F06C2BB328E8005D7730 /* CryptoDTO.swift in Sources */ = {isa = PBXBuildFile; fileRef = AAA8F0302BB328E8005D7730 /* CryptoDTO.swift */; };
		AAA8F06D2BB328E8005D7730 /* CharacterDTO.swift in Sources */ = {isa = PBXBuildFile; fileRef = AAA8F0312BB328E8005D7730 /* CharacterDTO.swift */; };
		AAA8F06E2BB328E8005D7730 /* UserDTO.swift in Sources */ = {isa = PBXBuildFile; fileRef = AAA8F0322BB328E8005D7730 /* UserDTO.swift */; };
		AAA8F06F2BB328E8005D7730 /* ListDTO.swift in Sources */ = {isa = PBXBuildFile; fileRef = AAA8F0332BB328E8005D7730 /* ListDTO.swift */; };
		AAA8F0702BB328E8005D7730 /* OAuthAPI.swift in Sources */ = {isa = PBXBuildFile; fileRef = AAA8F0352BB328E8005D7730 /* OAuthAPI.swift */; };
		AAA8F0712BB328E8005D7730 /* MarvelAPI.swift in Sources */ = {isa = PBXBuildFile; fileRef = AAA8F0362BB328E8005D7730 /* MarvelAPI.swift */; };
		AAA8F0722BB328E8005D7730 /* CryptoAPI.swift in Sources */ = {isa = PBXBuildFile; fileRef = AAA8F0372BB328E8005D7730 /* CryptoAPI.swift */; };
		AAA8F0732BB328E8005D7730 /* AppDelegate.swift in Sources */ = {isa = PBXBuildFile; fileRef = AAA8F03A2BB328E8005D7730 /* AppDelegate.swift */; };
		AAA8F0742BB328E8005D7730 /* SceneDelegate.swift in Sources */ = {isa = PBXBuildFile; fileRef = AAA8F03B2BB328E8005D7730 /* SceneDelegate.swift */; };
		AAA8F0752BB328E8005D7730 /* OAuthViewModel.swift in Sources */ = {isa = PBXBuildFile; fileRef = AAA8F03E2BB328E8005D7730 /* OAuthViewModel.swift */; };
		AAA8F0762BB328E8005D7730 /* OAuthController.swift in Sources */ = {isa = PBXBuildFile; fileRef = AAA8F03F2BB328E8005D7730 /* OAuthController.swift */; };
		AAA8F0772BB328E8005D7730 /* OAuthView.storyboard in Resources */ = {isa = PBXBuildFile; fileRef = AAA8F0402BB328E8005D7730 /* OAuthView.storyboard */; };
		AAA8F0782BB328E8005D7730 /* OAuthRouter.swift in Sources */ = {isa = PBXBuildFile; fileRef = AAA8F0412BB328E8005D7730 /* OAuthRouter.swift */; };
		AAA8F0792BB328E8005D7730 /* ApiKeyViewModel.swift in Sources */ = {isa = PBXBuildFile; fileRef = AAA8F0432BB328E8005D7730 /* ApiKeyViewModel.swift */; };
		AAA8F07A2BB328E8005D7730 /* ApiKeyRouter.swift in Sources */ = {isa = PBXBuildFile; fileRef = AAA8F0442BB328E8005D7730 /* ApiKeyRouter.swift */; };
		AAA8F07B2BB328E8005D7730 /* ApiKeyView.storyboard in Resources */ = {isa = PBXBuildFile; fileRef = AAA8F0452BB328E8005D7730 /* ApiKeyView.storyboard */; };
		AAA8F07C2BB328E8005D7730 /* ApiKeyController.swift in Sources */ = {isa = PBXBuildFile; fileRef = AAA8F0462BB328E8005D7730 /* ApiKeyController.swift */; };
		AAA8F07D2BB328E8005D7730 /* CharacterCell.xib in Resources */ = {isa = PBXBuildFile; fileRef = AAA8F0482BB328E8005D7730 /* CharacterCell.xib */; };
		AAA8F07E2BB328E8005D7730 /* CharacterCell.swift in Sources */ = {isa = PBXBuildFile; fileRef = AAA8F0492BB328E8005D7730 /* CharacterCell.swift */; };
		AAA8F07F2BB328E8005D7730 /* MainController.swift in Sources */ = {isa = PBXBuildFile; fileRef = AAA8F04B2BB328E8005D7730 /* MainController.swift */; };
		AAA8F0802BB328E8005D7730 /* Main.storyboard in Resources */ = {isa = PBXBuildFile; fileRef = AAA8F04C2BB328E8005D7730 /* Main.storyboard */; };
		AAA8F0812BB328E8005D7730 /* CryptoListView.storyboard in Resources */ = {isa = PBXBuildFile; fileRef = AAA8F04F2BB328E8005D7730 /* CryptoListView.storyboard */; };
		AAA8F0822BB328E8005D7730 /* CryptoListViewModel.swift in Sources */ = {isa = PBXBuildFile; fileRef = AAA8F0502BB328E8005D7730 /* CryptoListViewModel.swift */; };
		AAA8F0832BB328E8005D7730 /* CryptoCell.swift in Sources */ = {isa = PBXBuildFile; fileRef = AAA8F0522BB328E8005D7730 /* CryptoCell.swift */; };
		AAA8F0842BB328E8005D7730 /* CryptoCell.xib in Resources */ = {isa = PBXBuildFile; fileRef = AAA8F0532BB328E8005D7730 /* CryptoCell.xib */; };
		AAA8F0852BB328E8005D7730 /* CryptoListRouter.swift in Sources */ = {isa = PBXBuildFile; fileRef = AAA8F0542BB328E8005D7730 /* CryptoListRouter.swift */; };
		AAA8F0862BB328E8005D7730 /* CryptoListController.swift in Sources */ = {isa = PBXBuildFile; fileRef = AAA8F0552BB328E8005D7730 /* CryptoListController.swift */; };
		AAA8F0872BB328E8005D7730 /* LoginController.swift in Sources */ = {isa = PBXBuildFile; fileRef = AAA8F0572BB328E8005D7730 /* LoginController.swift */; };
		AAA8F0882BB328E8005D7730 /* LoginView.storyboard in Resources */ = {isa = PBXBuildFile; fileRef = AAA8F0582BB328E8005D7730 /* LoginView.storyboard */; };
		AAA8F0892BB328E8005D7730 /* Marvel401KO.json in Resources */ = {isa = PBXBuildFile; fileRef = AAA8F05A2BB328E8005D7730 /* Marvel401KO.json */; };
		AAA8F08A2BB328E8005D7730 /* Crypto405KO.json in Resources */ = {isa = PBXBuildFile; fileRef = AAA8F05B2BB328E8005D7730 /* Crypto405KO.json */; };
		AAA8F08B2BB328E8005D7730 /* Marvel403KO.json in Resources */ = {isa = PBXBuildFile; fileRef = AAA8F05C2BB328E8005D7730 /* Marvel403KO.json */; };
		AAA8F08C2BB328E8005D7730 /* Crypto407KO.json in Resources */ = {isa = PBXBuildFile; fileRef = AAA8F05D2BB328E8005D7730 /* Crypto407KO.json */; };
		AAA8F08D2BB328E8005D7730 /* Crypto200OK.json in Resources */ = {isa = PBXBuildFile; fileRef = AAA8F05E2BB328E8005D7730 /* Crypto200OK.json */; };
		AAA8F08E2BB328E8005D7730 /* Marvel200OK.json in Resources */ = {isa = PBXBuildFile; fileRef = AAA8F05F2BB328E8005D7730 /* Marvel200OK.json */; };
		AAA8F08F2BB328E8005D7730 /* Crypto403KO.json in Resources */ = {isa = PBXBuildFile; fileRef = AAA8F0602BB328E8005D7730 /* Crypto403KO.json */; };
		AAA8F0902BB328E8005D7730 /* Crypto401KO.json in Resources */ = {isa = PBXBuildFile; fileRef = AAA8F0612BB328E8005D7730 /* Crypto401KO.json */; };
		AAA8F0912BB328E8005D7730 /* Crypto408KO.json in Resources */ = {isa = PBXBuildFile; fileRef = AAA8F0622BB328E8005D7730 /* Crypto408KO.json */; };
		AAA8F0922BB328E8005D7730 /* Marvel400KO.json in Resources */ = {isa = PBXBuildFile; fileRef = AAA8F0632BB328E8005D7730 /* Marvel400KO.json */; };
		AAA8F0932BB328E8005D7730 /* Crypto404KO.json in Resources */ = {isa = PBXBuildFile; fileRef = AAA8F0642BB328E8005D7730 /* Crypto404KO.json */; };
		AAA8F0942BB328E8005D7730 /* Marvel500KO.json in Resources */ = {isa = PBXBuildFile; fileRef = AAA8F0652BB328E8005D7730 /* Marvel500KO.json */; };
		AAA8F0952BB328E8005D7730 /* Crypto406KO.json in Resources */ = {isa = PBXBuildFile; fileRef = AAA8F0662BB328E8005D7730 /* Crypto406KO.json */; };
		AAA8F0962BB328E8005D7730 /* Crypto400KO.json in Resources */ = {isa = PBXBuildFile; fileRef = AAA8F0672BB328E8005D7730 /* Crypto400KO.json */; };
		AAA8F0972BB328E8005D7730 /* Crypto500KO.json in Resources */ = {isa = PBXBuildFile; fileRef = AAA8F0682BB328E8005D7730 /* Crypto500KO.json */; };
		AADAF8F72BB32FE60018779E /* Settings.bundle in Resources */ = {isa = PBXBuildFile; fileRef = AADAF8F62BB32FE60018779E /* Settings.bundle */; };
		AADAF8FA2BB330960018779E /* SettingsBundleManager.swift in Sources */ = {isa = PBXBuildFile; fileRef = AADAF8F92BB330960018779E /* SettingsBundleManager.swift */; };
		C18B719E28ABA98F00560703 /* TripleA in Frameworks */ = {isa = PBXBuildFile; productRef = C18B719D28ABA98F00560703 /* TripleA */; };
/* End PBXBuildFile section */

/* Begin PBXFileReference section */
		AAA8F02A2BB328E8005D7730 /* Container.swift */ = {isa = PBXFileReference; fileEncoding = 4; lastKnownFileType = sourcecode.swift; path = Container.swift; sourceTree = "<group>"; };
		AAA8F02B2BB328E8005D7730 /* Assets.xcassets */ = {isa = PBXFileReference; lastKnownFileType = folder.assetcatalog; path = Assets.xcassets; sourceTree = "<group>"; };
		AAA8F02D2BB328E8005D7730 /* Base */ = {isa = PBXFileReference; lastKnownFileType = file.storyboard; name = Base; path = Base.lproj/LaunchScreen.storyboard; sourceTree = "<group>"; };
		AAA8F0302BB328E8005D7730 /* CryptoDTO.swift */ = {isa = PBXFileReference; fileEncoding = 4; lastKnownFileType = sourcecode.swift; path = CryptoDTO.swift; sourceTree = "<group>"; };
		AAA8F0312BB328E8005D7730 /* CharacterDTO.swift */ = {isa = PBXFileReference; fileEncoding = 4; lastKnownFileType = sourcecode.swift; path = CharacterDTO.swift; sourceTree = "<group>"; };
		AAA8F0322BB328E8005D7730 /* UserDTO.swift */ = {isa = PBXFileReference; fileEncoding = 4; lastKnownFileType = sourcecode.swift; path = UserDTO.swift; sourceTree = "<group>"; };
		AAA8F0332BB328E8005D7730 /* ListDTO.swift */ = {isa = PBXFileReference; fileEncoding = 4; lastKnownFileType = sourcecode.swift; path = ListDTO.swift; sourceTree = "<group>"; };
		AAA8F0352BB328E8005D7730 /* OAuthAPI.swift */ = {isa = PBXFileReference; fileEncoding = 4; lastKnownFileType = sourcecode.swift; path = OAuthAPI.swift; sourceTree = "<group>"; };
		AAA8F0362BB328E8005D7730 /* MarvelAPI.swift */ = {isa = PBXFileReference; fileEncoding = 4; lastKnownFileType = sourcecode.swift; path = MarvelAPI.swift; sourceTree = "<group>"; };
		AAA8F0372BB328E8005D7730 /* CryptoAPI.swift */ = {isa = PBXFileReference; fileEncoding = 4; lastKnownFileType = sourcecode.swift; path = CryptoAPI.swift; sourceTree = "<group>"; };
		AAA8F03A2BB328E8005D7730 /* AppDelegate.swift */ = {isa = PBXFileReference; fileEncoding = 4; lastKnownFileType = sourcecode.swift; path = AppDelegate.swift; sourceTree = "<group>"; };
		AAA8F03B2BB328E8005D7730 /* SceneDelegate.swift */ = {isa = PBXFileReference; fileEncoding = 4; lastKnownFileType = sourcecode.swift; path = SceneDelegate.swift; sourceTree = "<group>"; };
		AAA8F03E2BB328E8005D7730 /* OAuthViewModel.swift */ = {isa = PBXFileReference; fileEncoding = 4; lastKnownFileType = sourcecode.swift; path = OAuthViewModel.swift; sourceTree = "<group>"; };
		AAA8F03F2BB328E8005D7730 /* OAuthController.swift */ = {isa = PBXFileReference; fileEncoding = 4; lastKnownFileType = sourcecode.swift; path = OAuthController.swift; sourceTree = "<group>"; };
		AAA8F0402BB328E8005D7730 /* OAuthView.storyboard */ = {isa = PBXFileReference; fileEncoding = 4; lastKnownFileType = file.storyboard; path = OAuthView.storyboard; sourceTree = "<group>"; };
		AAA8F0412BB328E8005D7730 /* OAuthRouter.swift */ = {isa = PBXFileReference; fileEncoding = 4; lastKnownFileType = sourcecode.swift; path = OAuthRouter.swift; sourceTree = "<group>"; };
		AAA8F0432BB328E8005D7730 /* ApiKeyViewModel.swift */ = {isa = PBXFileReference; fileEncoding = 4; lastKnownFileType = sourcecode.swift; path = ApiKeyViewModel.swift; sourceTree = "<group>"; };
		AAA8F0442BB328E8005D7730 /* ApiKeyRouter.swift */ = {isa = PBXFileReference; fileEncoding = 4; lastKnownFileType = sourcecode.swift; path = ApiKeyRouter.swift; sourceTree = "<group>"; };
		AAA8F0452BB328E8005D7730 /* ApiKeyView.storyboard */ = {isa = PBXFileReference; fileEncoding = 4; lastKnownFileType = file.storyboard; path = ApiKeyView.storyboard; sourceTree = "<group>"; };
		AAA8F0462BB328E8005D7730 /* ApiKeyController.swift */ = {isa = PBXFileReference; fileEncoding = 4; lastKnownFileType = sourcecode.swift; path = ApiKeyController.swift; sourceTree = "<group>"; };
		AAA8F0482BB328E8005D7730 /* CharacterCell.xib */ = {isa = PBXFileReference; fileEncoding = 4; lastKnownFileType = file.xib; path = CharacterCell.xib; sourceTree = "<group>"; };
		AAA8F0492BB328E8005D7730 /* CharacterCell.swift */ = {isa = PBXFileReference; fileEncoding = 4; lastKnownFileType = sourcecode.swift; path = CharacterCell.swift; sourceTree = "<group>"; };
		AAA8F04B2BB328E8005D7730 /* MainController.swift */ = {isa = PBXFileReference; fileEncoding = 4; lastKnownFileType = sourcecode.swift; path = MainController.swift; sourceTree = "<group>"; };
		AAA8F04D2BB328E8005D7730 /* Base */ = {isa = PBXFileReference; lastKnownFileType = file.storyboard; name = Base; path = Base.lproj/Main.storyboard; sourceTree = "<group>"; };
		AAA8F04F2BB328E8005D7730 /* CryptoListView.storyboard */ = {isa = PBXFileReference; fileEncoding = 4; lastKnownFileType = file.storyboard; path = CryptoListView.storyboard; sourceTree = "<group>"; };
		AAA8F0502BB328E8005D7730 /* CryptoListViewModel.swift */ = {isa = PBXFileReference; fileEncoding = 4; lastKnownFileType = sourcecode.swift; path = CryptoListViewModel.swift; sourceTree = "<group>"; };
		AAA8F0522BB328E8005D7730 /* CryptoCell.swift */ = {isa = PBXFileReference; fileEncoding = 4; lastKnownFileType = sourcecode.swift; path = CryptoCell.swift; sourceTree = "<group>"; };
		AAA8F0532BB328E8005D7730 /* CryptoCell.xib */ = {isa = PBXFileReference; fileEncoding = 4; lastKnownFileType = file.xib; path = CryptoCell.xib; sourceTree = "<group>"; };
		AAA8F0542BB328E8005D7730 /* CryptoListRouter.swift */ = {isa = PBXFileReference; fileEncoding = 4; lastKnownFileType = sourcecode.swift; path = CryptoListRouter.swift; sourceTree = "<group>"; };
		AAA8F0552BB328E8005D7730 /* CryptoListController.swift */ = {isa = PBXFileReference; fileEncoding = 4; lastKnownFileType = sourcecode.swift; path = CryptoListController.swift; sourceTree = "<group>"; };
		AAA8F0572BB328E8005D7730 /* LoginController.swift */ = {isa = PBXFileReference; fileEncoding = 4; lastKnownFileType = sourcecode.swift; path = LoginController.swift; sourceTree = "<group>"; };
		AAA8F0582BB328E8005D7730 /* LoginView.storyboard */ = {isa = PBXFileReference; fileEncoding = 4; lastKnownFileType = file.storyboard; path = LoginView.storyboard; sourceTree = "<group>"; };
		AAA8F05A2BB328E8005D7730 /* Marvel401KO.json */ = {isa = PBXFileReference; fileEncoding = 4; lastKnownFileType = text.json; path = Marvel401KO.json; sourceTree = "<group>"; };
		AAA8F05B2BB328E8005D7730 /* Crypto405KO.json */ = {isa = PBXFileReference; fileEncoding = 4; lastKnownFileType = text.json; path = Crypto405KO.json; sourceTree = "<group>"; };
		AAA8F05C2BB328E8005D7730 /* Marvel403KO.json */ = {isa = PBXFileReference; fileEncoding = 4; lastKnownFileType = text.json; path = Marvel403KO.json; sourceTree = "<group>"; };
		AAA8F05D2BB328E8005D7730 /* Crypto407KO.json */ = {isa = PBXFileReference; fileEncoding = 4; lastKnownFileType = text.json; path = Crypto407KO.json; sourceTree = "<group>"; };
		AAA8F05E2BB328E8005D7730 /* Crypto200OK.json */ = {isa = PBXFileReference; fileEncoding = 4; lastKnownFileType = text.json; path = Crypto200OK.json; sourceTree = "<group>"; };
		AAA8F05F2BB328E8005D7730 /* Marvel200OK.json */ = {isa = PBXFileReference; fileEncoding = 4; lastKnownFileType = text.json; path = Marvel200OK.json; sourceTree = "<group>"; };
		AAA8F0602BB328E8005D7730 /* Crypto403KO.json */ = {isa = PBXFileReference; fileEncoding = 4; lastKnownFileType = text.json; path = Crypto403KO.json; sourceTree = "<group>"; };
		AAA8F0612BB328E8005D7730 /* Crypto401KO.json */ = {isa = PBXFileReference; fileEncoding = 4; lastKnownFileType = text.json; path = Crypto401KO.json; sourceTree = "<group>"; };
		AAA8F0622BB328E8005D7730 /* Crypto408KO.json */ = {isa = PBXFileReference; fileEncoding = 4; lastKnownFileType = text.json; path = Crypto408KO.json; sourceTree = "<group>"; };
		AAA8F0632BB328E8005D7730 /* Marvel400KO.json */ = {isa = PBXFileReference; fileEncoding = 4; lastKnownFileType = text.json; path = Marvel400KO.json; sourceTree = "<group>"; };
		AAA8F0642BB328E8005D7730 /* Crypto404KO.json */ = {isa = PBXFileReference; fileEncoding = 4; lastKnownFileType = text.json; path = Crypto404KO.json; sourceTree = "<group>"; };
		AAA8F0652BB328E8005D7730 /* Marvel500KO.json */ = {isa = PBXFileReference; fileEncoding = 4; lastKnownFileType = text.json; path = Marvel500KO.json; sourceTree = "<group>"; };
		AAA8F0662BB328E8005D7730 /* Crypto406KO.json */ = {isa = PBXFileReference; fileEncoding = 4; lastKnownFileType = text.json; path = Crypto406KO.json; sourceTree = "<group>"; };
		AAA8F0672BB328E8005D7730 /* Crypto400KO.json */ = {isa = PBXFileReference; fileEncoding = 4; lastKnownFileType = text.json; path = Crypto400KO.json; sourceTree = "<group>"; };
		AAA8F0682BB328E8005D7730 /* Crypto500KO.json */ = {isa = PBXFileReference; fileEncoding = 4; lastKnownFileType = text.json; path = Crypto500KO.json; sourceTree = "<group>"; };
		AADAF8F62BB32FE60018779E /* Settings.bundle */ = {isa = PBXFileReference; lastKnownFileType = "wrapper.plug-in"; path = Settings.bundle; sourceTree = "<group>"; };
		AADAF8F92BB330960018779E /* SettingsBundleManager.swift */ = {isa = PBXFileReference; lastKnownFileType = sourcecode.swift; path = SettingsBundleManager.swift; sourceTree = "<group>"; };
		C11DEB5A28AAC4DC00CA1168 /* Example.app */ = {isa = PBXFileReference; explicitFileType = wrapper.application; includeInIndex = 0; path = Example.app; sourceTree = BUILT_PRODUCTS_DIR; };
		C1DED19028AD04D6005C68F3 /* TripleA */ = {isa = PBXFileReference; lastKnownFileType = wrapper; name = TripleA; path = ..; sourceTree = "<group>"; };
/* End PBXFileReference section */

/* Begin PBXFrameworksBuildPhase section */
		C11DEB5728AAC4DC00CA1168 /* Frameworks */ = {
			isa = PBXFrameworksBuildPhase;
			buildActionMask = 2147483647;
			files = (
				C18B719E28ABA98F00560703 /* TripleA in Frameworks */,
			);
			runOnlyForDeploymentPostprocessing = 0;
		};
/* End PBXFrameworksBuildPhase section */

/* Begin PBXGroup section */
		AAA8F0282BB328E8005D7730 /* Example */ = {
			isa = PBXGroup;
			children = (
				AADAF8F82BB330770018779E /* SettingsBundleManager */,
				AAA8F02B2BB328E8005D7730 /* Assets.xcassets */,
				AAA8F02E2BB328E8005D7730 /* Data */,
				AAA8F0292BB328E8005D7730 /* DI */,
				AAA8F02C2BB328E8005D7730 /* LaunchScreen.storyboard */,
				AAA8F0382BB328E8005D7730 /* Presentation */,
				AADAF8F62BB32FE60018779E /* Settings.bundle */,
			);
			path = Example;
			sourceTree = "<group>";
		};
		AAA8F0292BB328E8005D7730 /* DI */ = {
			isa = PBXGroup;
			children = (
				AAA8F02A2BB328E8005D7730 /* Container.swift */,
			);
			path = DI;
			sourceTree = "<group>";
		};
		AAA8F02E2BB328E8005D7730 /* Data */ = {
			isa = PBXGroup;
			children = (
				AAA8F0592BB328E8005D7730 /* SimulationJSON */,
				AAA8F02F2BB328E8005D7730 /* DTO */,
				AAA8F0342BB328E8005D7730 /* Endpoints */,
			);
			path = Data;
			sourceTree = "<group>";
		};
		AAA8F02F2BB328E8005D7730 /* DTO */ = {
			isa = PBXGroup;
			children = (
				AAA8F0302BB328E8005D7730 /* CryptoDTO.swift */,
				AAA8F0312BB328E8005D7730 /* CharacterDTO.swift */,
				AAA8F0322BB328E8005D7730 /* UserDTO.swift */,
				AAA8F0332BB328E8005D7730 /* ListDTO.swift */,
			);
			path = DTO;
			sourceTree = "<group>";
		};
		AAA8F0342BB328E8005D7730 /* Endpoints */ = {
			isa = PBXGroup;
			children = (
				AAA8F0352BB328E8005D7730 /* OAuthAPI.swift */,
				AAA8F0362BB328E8005D7730 /* MarvelAPI.swift */,
				AAA8F0372BB328E8005D7730 /* CryptoAPI.swift */,
			);
			path = Endpoints;
			sourceTree = "<group>";
		};
		AAA8F0382BB328E8005D7730 /* Presentation */ = {
			isa = PBXGroup;
			children = (
				AAA8F0392BB328E8005D7730 /* App */,
				AAA8F03C2BB328E8005D7730 /* Modules */,
			);
			path = Presentation;
			sourceTree = "<group>";
		};
		AAA8F0392BB328E8005D7730 /* App */ = {
			isa = PBXGroup;
			children = (
				AAA8F03A2BB328E8005D7730 /* AppDelegate.swift */,
				AAA8F03B2BB328E8005D7730 /* SceneDelegate.swift */,
			);
			path = App;
			sourceTree = "<group>";
		};
		AAA8F03C2BB328E8005D7730 /* Modules */ = {
			isa = PBXGroup;
			children = (
				AAA8F03D2BB328E8005D7730 /* OAuth */,
				AAA8F0422BB328E8005D7730 /* ApiKey */,
				AAA8F04A2BB328E8005D7730 /* Main */,
				AAA8F04E2BB328E8005D7730 /* CryptoList */,
				AAA8F0562BB328E8005D7730 /* Login */,
			);
			path = Modules;
			sourceTree = "<group>";
		};
		AAA8F03D2BB328E8005D7730 /* OAuth */ = {
			isa = PBXGroup;
			children = (
				AAA8F03E2BB328E8005D7730 /* OAuthViewModel.swift */,
				AAA8F03F2BB328E8005D7730 /* OAuthController.swift */,
				AAA8F0402BB328E8005D7730 /* OAuthView.storyboard */,
				AAA8F0412BB328E8005D7730 /* OAuthRouter.swift */,
			);
			path = OAuth;
			sourceTree = "<group>";
		};
		AAA8F0422BB328E8005D7730 /* ApiKey */ = {
			isa = PBXGroup;
			children = (
				AAA8F0432BB328E8005D7730 /* ApiKeyViewModel.swift */,
				AAA8F0442BB328E8005D7730 /* ApiKeyRouter.swift */,
				AAA8F0452BB328E8005D7730 /* ApiKeyView.storyboard */,
				AAA8F0462BB328E8005D7730 /* ApiKeyController.swift */,
				AAA8F0472BB328E8005D7730 /* TableViewCell */,
			);
			path = ApiKey;
			sourceTree = "<group>";
		};
		AAA8F0472BB328E8005D7730 /* TableViewCell */ = {
			isa = PBXGroup;
			children = (
				AAA8F0482BB328E8005D7730 /* CharacterCell.xib */,
				AAA8F0492BB328E8005D7730 /* CharacterCell.swift */,
			);
			path = TableViewCell;
			sourceTree = "<group>";
		};
		AAA8F04A2BB328E8005D7730 /* Main */ = {
			isa = PBXGroup;
			children = (
				AAA8F04B2BB328E8005D7730 /* MainController.swift */,
				AAA8F04C2BB328E8005D7730 /* Main.storyboard */,
			);
			path = Main;
			sourceTree = "<group>";
		};
		AAA8F04E2BB328E8005D7730 /* CryptoList */ = {
			isa = PBXGroup;
			children = (
				AAA8F04F2BB328E8005D7730 /* CryptoListView.storyboard */,
				AAA8F0502BB328E8005D7730 /* CryptoListViewModel.swift */,
				AAA8F0512BB328E8005D7730 /* TableViewCell */,
				AAA8F0542BB328E8005D7730 /* CryptoListRouter.swift */,
				AAA8F0552BB328E8005D7730 /* CryptoListController.swift */,
			);
			path = CryptoList;
			sourceTree = "<group>";
		};
		AAA8F0512BB328E8005D7730 /* TableViewCell */ = {
			isa = PBXGroup;
			children = (
				AAA8F0522BB328E8005D7730 /* CryptoCell.swift */,
				AAA8F0532BB328E8005D7730 /* CryptoCell.xib */,
			);
			path = TableViewCell;
			sourceTree = "<group>";
		};
		AAA8F0562BB328E8005D7730 /* Login */ = {
			isa = PBXGroup;
			children = (
				AAA8F0572BB328E8005D7730 /* LoginController.swift */,
				AAA8F0582BB328E8005D7730 /* LoginView.storyboard */,
			);
			path = Login;
			sourceTree = "<group>";
		};
		AAA8F0592BB328E8005D7730 /* SimulationJSON */ = {
			isa = PBXGroup;
			children = (
				AAA8F05A2BB328E8005D7730 /* Marvel401KO.json */,
				AAA8F05B2BB328E8005D7730 /* Crypto405KO.json */,
				AAA8F05C2BB328E8005D7730 /* Marvel403KO.json */,
				AAA8F05D2BB328E8005D7730 /* Crypto407KO.json */,
				AAA8F05E2BB328E8005D7730 /* Crypto200OK.json */,
				AAA8F05F2BB328E8005D7730 /* Marvel200OK.json */,
				AAA8F0602BB328E8005D7730 /* Crypto403KO.json */,
				AAA8F0612BB328E8005D7730 /* Crypto401KO.json */,
				AAA8F0622BB328E8005D7730 /* Crypto408KO.json */,
				AAA8F0632BB328E8005D7730 /* Marvel400KO.json */,
				AAA8F0642BB328E8005D7730 /* Crypto404KO.json */,
				AAA8F0652BB328E8005D7730 /* Marvel500KO.json */,
				AAA8F0662BB328E8005D7730 /* Crypto406KO.json */,
				AAA8F0672BB328E8005D7730 /* Crypto400KO.json */,
				AAA8F0682BB328E8005D7730 /* Crypto500KO.json */,
			);
			path = SimulationJSON;
			sourceTree = "<group>";
		};
		AADAF8F82BB330770018779E /* SettingsBundleManager */ = {
			isa = PBXGroup;
			children = (
				AADAF8F92BB330960018779E /* SettingsBundleManager.swift */,
			);
			path = SettingsBundleManager;
			sourceTree = "<group>";
		};
		C11DEB5128AAC4DC00CA1168 = {
			isa = PBXGroup;
			children = (
				AAA8F0282BB328E8005D7730 /* Example */,
				C1DED18D28AD0380005C68F3 /* Packages */,
				C11DEB5B28AAC4DC00CA1168 /* Products */,
			);
			sourceTree = "<group>";
		};
		C11DEB5B28AAC4DC00CA1168 /* Products */ = {
			isa = PBXGroup;
			children = (
				C11DEB5A28AAC4DC00CA1168 /* Example.app */,
			);
			name = Products;
			sourceTree = "<group>";
		};
		C1DED18D28AD0380005C68F3 /* Packages */ = {
			isa = PBXGroup;
			children = (
				C1DED19028AD04D6005C68F3 /* TripleA */,
			);
			name = Packages;
			sourceTree = "<group>";
		};
/* End PBXGroup section */

/* Begin PBXNativeTarget section */
		C11DEB5928AAC4DC00CA1168 /* Example */ = {
			isa = PBXNativeTarget;
			buildConfigurationList = C11DEB6E28AAC4DF00CA1168 /* Build configuration list for PBXNativeTarget "Example" */;
			buildPhases = (
				C11DEB5628AAC4DC00CA1168 /* Sources */,
				C11DEB5728AAC4DC00CA1168 /* Frameworks */,
				C11DEB5828AAC4DC00CA1168 /* Resources */,
			);
			buildRules = (
			);
			dependencies = (
			);
			name = Example;
			packageProductDependencies = (
				C18B719D28ABA98F00560703 /* TripleA */,
			);
			productName = Example;
			productReference = C11DEB5A28AAC4DC00CA1168 /* Example.app */;
			productType = "com.apple.product-type.application";
		};
/* End PBXNativeTarget section */

/* Begin PBXProject section */
		C11DEB5228AAC4DC00CA1168 /* Project object */ = {
			isa = PBXProject;
			attributes = {
				BuildIndependentTargetsInParallel = 1;
				LastSwiftUpdateCheck = 1340;
				LastUpgradeCheck = 1340;
				TargetAttributes = {
					C11DEB5928AAC4DC00CA1168 = {
						CreatedOnToolsVersion = 13.4.1;
					};
				};
			};
			buildConfigurationList = C11DEB5528AAC4DC00CA1168 /* Build configuration list for PBXProject "Example" */;
			compatibilityVersion = "Xcode 13.0";
			developmentRegion = en;
			hasScannedForEncodings = 0;
			knownRegions = (
				en,
				Base,
			);
			mainGroup = C11DEB5128AAC4DC00CA1168;
			packageReferences = (
				C18B719C28ABA98F00560703 /* XCRemoteSwiftPackageReference "TripleA" */,
			);
			productRefGroup = C11DEB5B28AAC4DC00CA1168 /* Products */;
			projectDirPath = "";
			projectRoot = "";
			targets = (
				C11DEB5928AAC4DC00CA1168 /* Example */,
			);
		};
/* End PBXProject section */

/* Begin PBXResourcesBuildPhase section */
		C11DEB5828AAC4DC00CA1168 /* Resources */ = {
			isa = PBXResourcesBuildPhase;
			buildActionMask = 2147483647;
			files = (
				AAA8F08B2BB328E8005D7730 /* Marvel403KO.json in Resources */,
				AAA8F08A2BB328E8005D7730 /* Crypto405KO.json in Resources */,
				AAA8F0842BB328E8005D7730 /* CryptoCell.xib in Resources */,
				AAA8F0962BB328E8005D7730 /* Crypto400KO.json in Resources */,
				AAA8F06A2BB328E8005D7730 /* Assets.xcassets in Resources */,
				AAA8F06B2BB328E8005D7730 /* LaunchScreen.storyboard in Resources */,
				AAA8F08D2BB328E8005D7730 /* Crypto200OK.json in Resources */,
				AAA8F07D2BB328E8005D7730 /* CharacterCell.xib in Resources */,
				AAA8F0932BB328E8005D7730 /* Crypto404KO.json in Resources */,
				AAA8F0902BB328E8005D7730 /* Crypto401KO.json in Resources */,
				AAA8F0802BB328E8005D7730 /* Main.storyboard in Resources */,
				AAA8F08E2BB328E8005D7730 /* Marvel200OK.json in Resources */,
				AAA8F0952BB328E8005D7730 /* Crypto406KO.json in Resources */,
				AAA8F0922BB328E8005D7730 /* Marvel400KO.json in Resources */,
				AAA8F0882BB328E8005D7730 /* LoginView.storyboard in Resources */,
				AAA8F08F2BB328E8005D7730 /* Crypto403KO.json in Resources */,
				AAA8F0972BB328E8005D7730 /* Crypto500KO.json in Resources */,
				AAA8F07B2BB328E8005D7730 /* ApiKeyView.storyboard in Resources */,
				AAA8F0912BB328E8005D7730 /* Crypto408KO.json in Resources */,
				AAA8F0942BB328E8005D7730 /* Marvel500KO.json in Resources */,
				AAA8F0772BB328E8005D7730 /* OAuthView.storyboard in Resources */,
				AAA8F0892BB328E8005D7730 /* Marvel401KO.json in Resources */,
				AADAF8F72BB32FE60018779E /* Settings.bundle in Resources */,
				AAA8F0812BB328E8005D7730 /* CryptoListView.storyboard in Resources */,
				AAA8F08C2BB328E8005D7730 /* Crypto407KO.json in Resources */,
			);
			runOnlyForDeploymentPostprocessing = 0;
		};
/* End PBXResourcesBuildPhase section */

/* Begin PBXSourcesBuildPhase section */
		C11DEB5628AAC4DC00CA1168 /* Sources */ = {
			isa = PBXSourcesBuildPhase;
			buildActionMask = 2147483647;
			files = (
				AAA8F06D2BB328E8005D7730 /* CharacterDTO.swift in Sources */,
				AAA8F06C2BB328E8005D7730 /* CryptoDTO.swift in Sources */,
				AAA8F0752BB328E8005D7730 /* OAuthViewModel.swift in Sources */,
				AAA8F0702BB328E8005D7730 /* OAuthAPI.swift in Sources */,
				AAA8F07F2BB328E8005D7730 /* MainController.swift in Sources */,
				AAA8F0732BB328E8005D7730 /* AppDelegate.swift in Sources */,
				AAA8F0762BB328E8005D7730 /* OAuthController.swift in Sources */,
				AAA8F06E2BB328E8005D7730 /* UserDTO.swift in Sources */,
				AAA8F0862BB328E8005D7730 /* CryptoListController.swift in Sources */,
				AAA8F0872BB328E8005D7730 /* LoginController.swift in Sources */,
				AAA8F0852BB328E8005D7730 /* CryptoListRouter.swift in Sources */,
				AAA8F0742BB328E8005D7730 /* SceneDelegate.swift in Sources */,
				AAA8F07C2BB328E8005D7730 /* ApiKeyController.swift in Sources */,
				AAA8F0822BB328E8005D7730 /* CryptoListViewModel.swift in Sources */,
				AAA8F0692BB328E8005D7730 /* Container.swift in Sources */,
				AAA8F0832BB328E8005D7730 /* CryptoCell.swift in Sources */,
				AAA8F0722BB328E8005D7730 /* CryptoAPI.swift in Sources */,
				AAA8F0712BB328E8005D7730 /* MarvelAPI.swift in Sources */,
				AAA8F07E2BB328E8005D7730 /* CharacterCell.swift in Sources */,
				AAA8F0792BB328E8005D7730 /* ApiKeyViewModel.swift in Sources */,
				AADAF8FA2BB330960018779E /* SettingsBundleManager.swift in Sources */,
				AAA8F0782BB328E8005D7730 /* OAuthRouter.swift in Sources */,
				AAA8F06F2BB328E8005D7730 /* ListDTO.swift in Sources */,
				AAA8F07A2BB328E8005D7730 /* ApiKeyRouter.swift in Sources */,
			);
			runOnlyForDeploymentPostprocessing = 0;
		};
/* End PBXSourcesBuildPhase section */

/* Begin PBXVariantGroup section */
		AAA8F02C2BB328E8005D7730 /* LaunchScreen.storyboard */ = {
			isa = PBXVariantGroup;
			children = (
				AAA8F02D2BB328E8005D7730 /* Base */,
			);
			name = LaunchScreen.storyboard;
			sourceTree = "<group>";
		};
		AAA8F04C2BB328E8005D7730 /* Main.storyboard */ = {
			isa = PBXVariantGroup;
			children = (
				AAA8F04D2BB328E8005D7730 /* Base */,
			);
			name = Main.storyboard;
			sourceTree = "<group>";
		};
/* End PBXVariantGroup section */

/* Begin XCBuildConfiguration section */
		C11DEB6C28AAC4DF00CA1168 /* Debug */ = {
			isa = XCBuildConfiguration;
			buildSettings = {
				ALWAYS_SEARCH_USER_PATHS = NO;
				CLANG_ANALYZER_NONNULL = YES;
				CLANG_ANALYZER_NUMBER_OBJECT_CONVERSION = YES_AGGRESSIVE;
				CLANG_CXX_LANGUAGE_STANDARD = "gnu++17";
				CLANG_ENABLE_MODULES = YES;
				CLANG_ENABLE_OBJC_ARC = YES;
				CLANG_ENABLE_OBJC_WEAK = YES;
				CLANG_WARN_BLOCK_CAPTURE_AUTORELEASING = YES;
				CLANG_WARN_BOOL_CONVERSION = YES;
				CLANG_WARN_COMMA = YES;
				CLANG_WARN_CONSTANT_CONVERSION = YES;
				CLANG_WARN_DEPRECATED_OBJC_IMPLEMENTATIONS = YES;
				CLANG_WARN_DIRECT_OBJC_ISA_USAGE = YES_ERROR;
				CLANG_WARN_DOCUMENTATION_COMMENTS = YES;
				CLANG_WARN_EMPTY_BODY = YES;
				CLANG_WARN_ENUM_CONVERSION = YES;
				CLANG_WARN_INFINITE_RECURSION = YES;
				CLANG_WARN_INT_CONVERSION = YES;
				CLANG_WARN_NON_LITERAL_NULL_CONVERSION = YES;
				CLANG_WARN_OBJC_IMPLICIT_RETAIN_SELF = YES;
				CLANG_WARN_OBJC_LITERAL_CONVERSION = YES;
				CLANG_WARN_OBJC_ROOT_CLASS = YES_ERROR;
				CLANG_WARN_QUOTED_INCLUDE_IN_FRAMEWORK_HEADER = YES;
				CLANG_WARN_RANGE_LOOP_ANALYSIS = YES;
				CLANG_WARN_STRICT_PROTOTYPES = YES;
				CLANG_WARN_SUSPICIOUS_MOVE = YES;
				CLANG_WARN_UNGUARDED_AVAILABILITY = YES_AGGRESSIVE;
				CLANG_WARN_UNREACHABLE_CODE = YES;
				CLANG_WARN__DUPLICATE_METHOD_MATCH = YES;
				COPY_PHASE_STRIP = NO;
				DEBUG_INFORMATION_FORMAT = dwarf;
				ENABLE_STRICT_OBJC_MSGSEND = YES;
				ENABLE_TESTABILITY = YES;
				GCC_C_LANGUAGE_STANDARD = gnu11;
				GCC_DYNAMIC_NO_PIC = NO;
				GCC_NO_COMMON_BLOCKS = YES;
				GCC_OPTIMIZATION_LEVEL = 0;
				GCC_PREPROCESSOR_DEFINITIONS = (
					"DEBUG=1",
					"$(inherited)",
				);
				GCC_WARN_64_TO_32_BIT_CONVERSION = YES;
				GCC_WARN_ABOUT_RETURN_TYPE = YES_ERROR;
				GCC_WARN_UNDECLARED_SELECTOR = YES;
				GCC_WARN_UNINITIALIZED_AUTOS = YES_AGGRESSIVE;
				GCC_WARN_UNUSED_FUNCTION = YES;
				GCC_WARN_UNUSED_VARIABLE = YES;
				IPHONEOS_DEPLOYMENT_TARGET = 15.5;
				MTL_ENABLE_DEBUG_INFO = INCLUDE_SOURCE;
				MTL_FAST_MATH = YES;
				ONLY_ACTIVE_ARCH = YES;
				SDKROOT = iphoneos;
				SWIFT_ACTIVE_COMPILATION_CONDITIONS = DEBUG;
				SWIFT_OPTIMIZATION_LEVEL = "-Onone";
			};
			name = Debug;
		};
		C11DEB6D28AAC4DF00CA1168 /* Release */ = {
			isa = XCBuildConfiguration;
			buildSettings = {
				ALWAYS_SEARCH_USER_PATHS = NO;
				CLANG_ANALYZER_NONNULL = YES;
				CLANG_ANALYZER_NUMBER_OBJECT_CONVERSION = YES_AGGRESSIVE;
				CLANG_CXX_LANGUAGE_STANDARD = "gnu++17";
				CLANG_ENABLE_MODULES = YES;
				CLANG_ENABLE_OBJC_ARC = YES;
				CLANG_ENABLE_OBJC_WEAK = YES;
				CLANG_WARN_BLOCK_CAPTURE_AUTORELEASING = YES;
				CLANG_WARN_BOOL_CONVERSION = YES;
				CLANG_WARN_COMMA = YES;
				CLANG_WARN_CONSTANT_CONVERSION = YES;
				CLANG_WARN_DEPRECATED_OBJC_IMPLEMENTATIONS = YES;
				CLANG_WARN_DIRECT_OBJC_ISA_USAGE = YES_ERROR;
				CLANG_WARN_DOCUMENTATION_COMMENTS = YES;
				CLANG_WARN_EMPTY_BODY = YES;
				CLANG_WARN_ENUM_CONVERSION = YES;
				CLANG_WARN_INFINITE_RECURSION = YES;
				CLANG_WARN_INT_CONVERSION = YES;
				CLANG_WARN_NON_LITERAL_NULL_CONVERSION = YES;
				CLANG_WARN_OBJC_IMPLICIT_RETAIN_SELF = YES;
				CLANG_WARN_OBJC_LITERAL_CONVERSION = YES;
				CLANG_WARN_OBJC_ROOT_CLASS = YES_ERROR;
				CLANG_WARN_QUOTED_INCLUDE_IN_FRAMEWORK_HEADER = YES;
				CLANG_WARN_RANGE_LOOP_ANALYSIS = YES;
				CLANG_WARN_STRICT_PROTOTYPES = YES;
				CLANG_WARN_SUSPICIOUS_MOVE = YES;
				CLANG_WARN_UNGUARDED_AVAILABILITY = YES_AGGRESSIVE;
				CLANG_WARN_UNREACHABLE_CODE = YES;
				CLANG_WARN__DUPLICATE_METHOD_MATCH = YES;
				COPY_PHASE_STRIP = NO;
				DEBUG_INFORMATION_FORMAT = "dwarf-with-dsym";
				ENABLE_NS_ASSERTIONS = NO;
				ENABLE_STRICT_OBJC_MSGSEND = YES;
				GCC_C_LANGUAGE_STANDARD = gnu11;
				GCC_NO_COMMON_BLOCKS = YES;
				GCC_WARN_64_TO_32_BIT_CONVERSION = YES;
				GCC_WARN_ABOUT_RETURN_TYPE = YES_ERROR;
				GCC_WARN_UNDECLARED_SELECTOR = YES;
				GCC_WARN_UNINITIALIZED_AUTOS = YES_AGGRESSIVE;
				GCC_WARN_UNUSED_FUNCTION = YES;
				GCC_WARN_UNUSED_VARIABLE = YES;
				IPHONEOS_DEPLOYMENT_TARGET = 15.5;
				MTL_ENABLE_DEBUG_INFO = NO;
				MTL_FAST_MATH = YES;
				SDKROOT = iphoneos;
				SWIFT_COMPILATION_MODE = wholemodule;
				SWIFT_OPTIMIZATION_LEVEL = "-O";
				VALIDATE_PRODUCT = YES;
			};
			name = Release;
		};
		C11DEB6F28AAC4DF00CA1168 /* Debug */ = {
			isa = XCBuildConfiguration;
			buildSettings = {
				ASSETCATALOG_COMPILER_APPICON_NAME = AppIcon;
				ASSETCATALOG_COMPILER_GLOBAL_ACCENT_COLOR_NAME = AccentColor;
				CODE_SIGN_STYLE = Automatic;
				CURRENT_PROJECT_VERSION = 1;
				DEVELOPMENT_TEAM = R88CDNMKLQ;
				GENERATE_INFOPLIST_FILE = YES;
				INFOPLIST_FILE = Example/Info.plist;
				INFOPLIST_KEY_UIApplicationSupportsIndirectInputEvents = YES;
				INFOPLIST_KEY_UILaunchStoryboardName = LaunchScreen;
				INFOPLIST_KEY_UIMainStoryboardFile = Main;
				INFOPLIST_KEY_UISupportedInterfaceOrientations_iPad = "UIInterfaceOrientationPortrait UIInterfaceOrientationPortraitUpsideDown UIInterfaceOrientationLandscapeLeft UIInterfaceOrientationLandscapeRight";
				INFOPLIST_KEY_UISupportedInterfaceOrientations_iPhone = "UIInterfaceOrientationPortrait UIInterfaceOrientationLandscapeLeft UIInterfaceOrientationLandscapeRight";
				LD_RUNPATH_SEARCH_PATHS = (
					"$(inherited)",
					"@executable_path/Frameworks",
				);
				MARKETING_VERSION = 1.0;
				PRODUCT_BUNDLE_IDENTIFIER = es.fernandosalom.tripleA.Example2;
				PRODUCT_NAME = "$(TARGET_NAME)";
				SWIFT_EMIT_LOC_STRINGS = YES;
				SWIFT_VERSION = 5.0;
				TARGETED_DEVICE_FAMILY = "1,2";
			};
			name = Debug;
		};
		C11DEB7028AAC4DF00CA1168 /* Release */ = {
			isa = XCBuildConfiguration;
			buildSettings = {
				ASSETCATALOG_COMPILER_APPICON_NAME = AppIcon;
				ASSETCATALOG_COMPILER_GLOBAL_ACCENT_COLOR_NAME = AccentColor;
				CODE_SIGN_STYLE = Automatic;
				CURRENT_PROJECT_VERSION = 1;
				DEVELOPMENT_TEAM = R88CDNMKLQ;
				GENERATE_INFOPLIST_FILE = YES;
				INFOPLIST_FILE = Example/Info.plist;
				INFOPLIST_KEY_UIApplicationSupportsIndirectInputEvents = YES;
				INFOPLIST_KEY_UILaunchStoryboardName = LaunchScreen;
				INFOPLIST_KEY_UIMainStoryboardFile = Main;
				INFOPLIST_KEY_UISupportedInterfaceOrientations_iPad = "UIInterfaceOrientationPortrait UIInterfaceOrientationPortraitUpsideDown UIInterfaceOrientationLandscapeLeft UIInterfaceOrientationLandscapeRight";
				INFOPLIST_KEY_UISupportedInterfaceOrientations_iPhone = "UIInterfaceOrientationPortrait UIInterfaceOrientationLandscapeLeft UIInterfaceOrientationLandscapeRight";
				LD_RUNPATH_SEARCH_PATHS = (
					"$(inherited)",
					"@executable_path/Frameworks",
				);
				MARKETING_VERSION = 1.0;
				PRODUCT_BUNDLE_IDENTIFIER = es.fernandosalom.tripleA.Example2;
				PRODUCT_NAME = "$(TARGET_NAME)";
				SWIFT_EMIT_LOC_STRINGS = YES;
				SWIFT_VERSION = 5.0;
				TARGETED_DEVICE_FAMILY = "1,2";
			};
			name = Release;
		};
/* End XCBuildConfiguration section */

/* Begin XCConfigurationList section */
		C11DEB5528AAC4DC00CA1168 /* Build configuration list for PBXProject "Example" */ = {
			isa = XCConfigurationList;
			buildConfigurations = (
				C11DEB6C28AAC4DF00CA1168 /* Debug */,
				C11DEB6D28AAC4DF00CA1168 /* Release */,
			);
			defaultConfigurationIsVisible = 0;
			defaultConfigurationName = Release;
		};
		C11DEB6E28AAC4DF00CA1168 /* Build configuration list for PBXNativeTarget "Example" */ = {
			isa = XCConfigurationList;
			buildConfigurations = (
				C11DEB6F28AAC4DF00CA1168 /* Debug */,
				C11DEB7028AAC4DF00CA1168 /* Release */,
			);
			defaultConfigurationIsVisible = 0;
			defaultConfigurationName = Release;
		};
/* End XCConfigurationList section */

/* Begin XCRemoteSwiftPackageReference section */
		C18B719C28ABA98F00560703 /* XCRemoteSwiftPackageReference "TripleA" */ = {
			isa = XCRemoteSwiftPackageReference;
			repositoryURL = "https://github.com/fsalom/TripleA";
			requirement = {
				branch = main;
				kind = branch;
			};
		};
/* End XCRemoteSwiftPackageReference section */

/* Begin XCSwiftPackageProductDependency section */
		C18B719D28ABA98F00560703 /* TripleA */ = {
			isa = XCSwiftPackageProductDependency;
			package = C18B719C28ABA98F00560703 /* XCRemoteSwiftPackageReference "TripleA" */;
			productName = TripleA;
		};
/* End XCSwiftPackageProductDependency section */
	};
	rootObject = C11DEB5228AAC4DC00CA1168 /* Project object */;
}
