// !$*UTF8*$!
{
	archiveVersion = 1;
	classes = {
	};
	objectVersion = 55;
	objects = {

/* Begin PBXBuildFile section */
		AA77EC762B502D08001F6599 /* Crypto400KO.json in Resources */ = {isa = PBXBuildFile; fileRef = AA77EC752B502D08001F6599 /* Crypto400KO.json */; };
		AA77EC782B51C98F001F6599 /* Marvel200OK.json in Resources */ = {isa = PBXBuildFile; fileRef = AA77EC772B51C98F001F6599 /* Marvel200OK.json */; };
		AA9861122B4D96880017B7CE /* Crypto200OK.json in Resources */ = {isa = PBXBuildFile; fileRef = AA9861112B4D96880017B7CE /* Crypto200OK.json */; };
		C11DEB5E28AAC4DC00CA1168 /* AppDelegate.swift in Sources */ = {isa = PBXBuildFile; fileRef = C11DEB5D28AAC4DC00CA1168 /* AppDelegate.swift */; };
		C11DEB6028AAC4DC00CA1168 /* SceneDelegate.swift in Sources */ = {isa = PBXBuildFile; fileRef = C11DEB5F28AAC4DC00CA1168 /* SceneDelegate.swift */; };
		C11DEB6228AAC4DC00CA1168 /* CryptoListController.swift in Sources */ = {isa = PBXBuildFile; fileRef = C11DEB6128AAC4DC00CA1168 /* CryptoListController.swift */; };
		C11DEB6528AAC4DC00CA1168 /* Main.storyboard in Resources */ = {isa = PBXBuildFile; fileRef = C11DEB6328AAC4DC00CA1168 /* Main.storyboard */; };
		C11DEB6728AAC4DF00CA1168 /* Assets.xcassets in Resources */ = {isa = PBXBuildFile; fileRef = C11DEB6628AAC4DF00CA1168 /* Assets.xcassets */; };
		C11DEB6A28AAC4DF00CA1168 /* LaunchScreen.storyboard in Resources */ = {isa = PBXBuildFile; fileRef = C11DEB6828AAC4DF00CA1168 /* LaunchScreen.storyboard */; };
		C132756C28DCB18B003166A8 /* LoginController.swift in Sources */ = {isa = PBXBuildFile; fileRef = C132756B28DCB18B003166A8 /* LoginController.swift */; };
		C132756E28DCB1A0003166A8 /* LoginView.storyboard in Resources */ = {isa = PBXBuildFile; fileRef = C132756D28DCB1A0003166A8 /* LoginView.storyboard */; };
		C132757128DCB23D003166A8 /* Container.swift in Sources */ = {isa = PBXBuildFile; fileRef = C132757028DCB23D003166A8 /* Container.swift */; };
		C15CBCAC28BB54F70043FAC3 /* ListDTO.swift in Sources */ = {isa = PBXBuildFile; fileRef = C15CBCAB28BB54F70043FAC3 /* ListDTO.swift */; };
		C15CBCAE28BB550A0043FAC3 /* CryptoDTO.swift in Sources */ = {isa = PBXBuildFile; fileRef = C15CBCAD28BB550A0043FAC3 /* CryptoDTO.swift */; };
		C15CBCB128BB555B0043FAC3 /* CryptoAPI.swift in Sources */ = {isa = PBXBuildFile; fileRef = C15CBCB028BB555B0043FAC3 /* CryptoAPI.swift */; };
		C15CBCB728BB75CA0043FAC3 /* CryptoListViewModel.swift in Sources */ = {isa = PBXBuildFile; fileRef = C15CBCB628BB75CA0043FAC3 /* CryptoListViewModel.swift */; };
		C15CBCB928BB765E0043FAC3 /* CryptoListRouter.swift in Sources */ = {isa = PBXBuildFile; fileRef = C15CBCB828BB765E0043FAC3 /* CryptoListRouter.swift */; };
		C15CBCBF28BB7CBA0043FAC3 /* CryptoCell.swift in Sources */ = {isa = PBXBuildFile; fileRef = C15CBCBD28BB7CBA0043FAC3 /* CryptoCell.swift */; };
		C15CBCC028BB7CBA0043FAC3 /* CryptoCell.xib in Resources */ = {isa = PBXBuildFile; fileRef = C15CBCBE28BB7CBA0043FAC3 /* CryptoCell.xib */; };
		C15CBCC528BB843F0043FAC3 /* CryptoListView.storyboard in Resources */ = {isa = PBXBuildFile; fileRef = C15CBCC428BB843F0043FAC3 /* CryptoListView.storyboard */; };
		C15CBCC728BB84F40043FAC3 /* MainController.swift in Sources */ = {isa = PBXBuildFile; fileRef = C15CBCC628BB84F40043FAC3 /* MainController.swift */; };
		C15CBCF828BCD4340043FAC3 /* OAuthViewModel.swift in Sources */ = {isa = PBXBuildFile; fileRef = C15CBCF128BCD4340043FAC3 /* OAuthViewModel.swift */; };
		C15CBCF928BCD4340043FAC3 /* OAuthController.swift in Sources */ = {isa = PBXBuildFile; fileRef = C15CBCF228BCD4340043FAC3 /* OAuthController.swift */; };
		C15CBCFA28BCD4340043FAC3 /* OAuthView.storyboard in Resources */ = {isa = PBXBuildFile; fileRef = C15CBCF328BCD4340043FAC3 /* OAuthView.storyboard */; };
		C15CBCFB28BCD4340043FAC3 /* OAuthRouter.swift in Sources */ = {isa = PBXBuildFile; fileRef = C15CBCF428BCD4340043FAC3 /* OAuthRouter.swift */; };
		C15CBCFF28BCD6030043FAC3 /* OAuthAPI.swift in Sources */ = {isa = PBXBuildFile; fileRef = C15CBCFE28BCD6030043FAC3 /* OAuthAPI.swift */; };
		C15CBD0228BCF5C50043FAC3 /* ApiKeyController.swift in Sources */ = {isa = PBXBuildFile; fileRef = C15CBD0128BCF5C50043FAC3 /* ApiKeyController.swift */; };
		C15CBD0428BCF6060043FAC3 /* ApiKeyViewModel.swift in Sources */ = {isa = PBXBuildFile; fileRef = C15CBD0328BCF6060043FAC3 /* ApiKeyViewModel.swift */; };
		C15CBD0628BCF62A0043FAC3 /* ApiKeyRouter.swift in Sources */ = {isa = PBXBuildFile; fileRef = C15CBD0528BCF62A0043FAC3 /* ApiKeyRouter.swift */; };
		C15CBD0828BCFB940043FAC3 /* MarvelAPI.swift in Sources */ = {isa = PBXBuildFile; fileRef = C15CBD0728BCFB940043FAC3 /* MarvelAPI.swift */; };
		C15CBD0A28BCFCD50043FAC3 /* ApiKeyView.storyboard in Resources */ = {isa = PBXBuildFile; fileRef = C15CBD0928BCFCD50043FAC3 /* ApiKeyView.storyboard */; };
		C15CBD0E28BCFD390043FAC3 /* CharacterCell.swift in Sources */ = {isa = PBXBuildFile; fileRef = C15CBD0C28BCFD390043FAC3 /* CharacterCell.swift */; };
		C15CBD0F28BCFD390043FAC3 /* CharacterCell.xib in Resources */ = {isa = PBXBuildFile; fileRef = C15CBD0D28BCFD390043FAC3 /* CharacterCell.xib */; };
		C15CBD1128BCFD810043FAC3 /* CharacterDTO.swift in Sources */ = {isa = PBXBuildFile; fileRef = C15CBD1028BCFD800043FAC3 /* CharacterDTO.swift */; };
		C18B719E28ABA98F00560703 /* TripleA in Frameworks */ = {isa = PBXBuildFile; productRef = C18B719D28ABA98F00560703 /* TripleA */; };
		C1A2552B28BE334800922597 /* UserDTO.swift in Sources */ = {isa = PBXBuildFile; fileRef = C1A2552A28BE334800922597 /* UserDTO.swift */; };
/* End PBXBuildFile section */

/* Begin PBXFileReference section */
		AA77EC752B502D08001F6599 /* Crypto400KO.json */ = {isa = PBXFileReference; lastKnownFileType = text.json; path = Crypto400KO.json; sourceTree = "<group>"; };
		AA77EC772B51C98F001F6599 /* Marvel200OK.json */ = {isa = PBXFileReference; lastKnownFileType = text.json; path = Marvel200OK.json; sourceTree = "<group>"; };
		AA9861112B4D96880017B7CE /* Crypto200OK.json */ = {isa = PBXFileReference; lastKnownFileType = text.json; path = Crypto200OK.json; sourceTree = "<group>"; };
		C11DEB5A28AAC4DC00CA1168 /* Example.app */ = {isa = PBXFileReference; explicitFileType = wrapper.application; includeInIndex = 0; path = Example.app; sourceTree = BUILT_PRODUCTS_DIR; };
		C11DEB5D28AAC4DC00CA1168 /* AppDelegate.swift */ = {isa = PBXFileReference; lastKnownFileType = sourcecode.swift; path = AppDelegate.swift; sourceTree = "<group>"; };
		C11DEB5F28AAC4DC00CA1168 /* SceneDelegate.swift */ = {isa = PBXFileReference; lastKnownFileType = sourcecode.swift; path = SceneDelegate.swift; sourceTree = "<group>"; };
		C11DEB6128AAC4DC00CA1168 /* CryptoListController.swift */ = {isa = PBXFileReference; lastKnownFileType = sourcecode.swift; path = CryptoListController.swift; sourceTree = "<group>"; };
		C11DEB6428AAC4DC00CA1168 /* Base */ = {isa = PBXFileReference; lastKnownFileType = file.storyboard; name = Base; path = Base.lproj/Main.storyboard; sourceTree = "<group>"; };
		C11DEB6628AAC4DF00CA1168 /* Assets.xcassets */ = {isa = PBXFileReference; lastKnownFileType = folder.assetcatalog; path = Assets.xcassets; sourceTree = "<group>"; };
		C11DEB6928AAC4DF00CA1168 /* Base */ = {isa = PBXFileReference; lastKnownFileType = file.storyboard; name = Base; path = Base.lproj/LaunchScreen.storyboard; sourceTree = "<group>"; };
		C11DEB6B28AAC4DF00CA1168 /* Info.plist */ = {isa = PBXFileReference; lastKnownFileType = text.plist.xml; path = Info.plist; sourceTree = "<group>"; };
		C132756B28DCB18B003166A8 /* LoginController.swift */ = {isa = PBXFileReference; lastKnownFileType = sourcecode.swift; path = LoginController.swift; sourceTree = "<group>"; };
		C132756D28DCB1A0003166A8 /* LoginView.storyboard */ = {isa = PBXFileReference; lastKnownFileType = file.storyboard; path = LoginView.storyboard; sourceTree = "<group>"; };
		C132757028DCB23D003166A8 /* Container.swift */ = {isa = PBXFileReference; lastKnownFileType = sourcecode.swift; path = Container.swift; sourceTree = "<group>"; };
		C15CBCAB28BB54F70043FAC3 /* ListDTO.swift */ = {isa = PBXFileReference; lastKnownFileType = sourcecode.swift; path = ListDTO.swift; sourceTree = "<group>"; };
		C15CBCAD28BB550A0043FAC3 /* CryptoDTO.swift */ = {isa = PBXFileReference; lastKnownFileType = sourcecode.swift; path = CryptoDTO.swift; sourceTree = "<group>"; };
		C15CBCB028BB555B0043FAC3 /* CryptoAPI.swift */ = {isa = PBXFileReference; lastKnownFileType = sourcecode.swift; path = CryptoAPI.swift; sourceTree = "<group>"; };
		C15CBCB628BB75CA0043FAC3 /* CryptoListViewModel.swift */ = {isa = PBXFileReference; lastKnownFileType = sourcecode.swift; path = CryptoListViewModel.swift; sourceTree = "<group>"; };
		C15CBCB828BB765E0043FAC3 /* CryptoListRouter.swift */ = {isa = PBXFileReference; lastKnownFileType = sourcecode.swift; path = CryptoListRouter.swift; sourceTree = "<group>"; };
		C15CBCBD28BB7CBA0043FAC3 /* CryptoCell.swift */ = {isa = PBXFileReference; lastKnownFileType = sourcecode.swift; path = CryptoCell.swift; sourceTree = "<group>"; };
		C15CBCBE28BB7CBA0043FAC3 /* CryptoCell.xib */ = {isa = PBXFileReference; lastKnownFileType = file.xib; path = CryptoCell.xib; sourceTree = "<group>"; };
		C15CBCC428BB843F0043FAC3 /* CryptoListView.storyboard */ = {isa = PBXFileReference; lastKnownFileType = file.storyboard; path = CryptoListView.storyboard; sourceTree = "<group>"; };
		C15CBCC628BB84F40043FAC3 /* MainController.swift */ = {isa = PBXFileReference; lastKnownFileType = sourcecode.swift; path = MainController.swift; sourceTree = "<group>"; };
		C15CBCF128BCD4340043FAC3 /* OAuthViewModel.swift */ = {isa = PBXFileReference; fileEncoding = 4; lastKnownFileType = sourcecode.swift; path = OAuthViewModel.swift; sourceTree = "<group>"; };
		C15CBCF228BCD4340043FAC3 /* OAuthController.swift */ = {isa = PBXFileReference; fileEncoding = 4; lastKnownFileType = sourcecode.swift; path = OAuthController.swift; sourceTree = "<group>"; };
		C15CBCF328BCD4340043FAC3 /* OAuthView.storyboard */ = {isa = PBXFileReference; fileEncoding = 4; lastKnownFileType = file.storyboard; path = OAuthView.storyboard; sourceTree = "<group>"; };
		C15CBCF428BCD4340043FAC3 /* OAuthRouter.swift */ = {isa = PBXFileReference; fileEncoding = 4; lastKnownFileType = sourcecode.swift; path = OAuthRouter.swift; sourceTree = "<group>"; };
		C15CBCFE28BCD6030043FAC3 /* OAuthAPI.swift */ = {isa = PBXFileReference; lastKnownFileType = sourcecode.swift; path = OAuthAPI.swift; sourceTree = "<group>"; };
		C15CBD0128BCF5C50043FAC3 /* ApiKeyController.swift */ = {isa = PBXFileReference; lastKnownFileType = sourcecode.swift; path = ApiKeyController.swift; sourceTree = "<group>"; };
		C15CBD0328BCF6060043FAC3 /* ApiKeyViewModel.swift */ = {isa = PBXFileReference; lastKnownFileType = sourcecode.swift; path = ApiKeyViewModel.swift; sourceTree = "<group>"; };
		C15CBD0528BCF62A0043FAC3 /* ApiKeyRouter.swift */ = {isa = PBXFileReference; lastKnownFileType = sourcecode.swift; path = ApiKeyRouter.swift; sourceTree = "<group>"; };
		C15CBD0728BCFB940043FAC3 /* MarvelAPI.swift */ = {isa = PBXFileReference; lastKnownFileType = sourcecode.swift; path = MarvelAPI.swift; sourceTree = "<group>"; };
		C15CBD0928BCFCD50043FAC3 /* ApiKeyView.storyboard */ = {isa = PBXFileReference; lastKnownFileType = file.storyboard; path = ApiKeyView.storyboard; sourceTree = "<group>"; };
		C15CBD0C28BCFD390043FAC3 /* CharacterCell.swift */ = {isa = PBXFileReference; fileEncoding = 4; lastKnownFileType = sourcecode.swift; path = CharacterCell.swift; sourceTree = "<group>"; };
		C15CBD0D28BCFD390043FAC3 /* CharacterCell.xib */ = {isa = PBXFileReference; fileEncoding = 4; lastKnownFileType = file.xib; path = CharacterCell.xib; sourceTree = "<group>"; };
		C15CBD1028BCFD800043FAC3 /* CharacterDTO.swift */ = {isa = PBXFileReference; lastKnownFileType = sourcecode.swift; path = CharacterDTO.swift; sourceTree = "<group>"; };
		C1A2552A28BE334800922597 /* UserDTO.swift */ = {isa = PBXFileReference; lastKnownFileType = sourcecode.swift; path = UserDTO.swift; sourceTree = "<group>"; };
		C1DED19028AD04D6005C68F3 /* TripleA */ = {isa = PBXFileReference; lastKnownFileType = wrapper; name = TripleA; path = ..; sourceTree = "<group>"; };
/* End PBXFileReference section */

/* Begin PBXFrameworksBuildPhase section */
		C11DEB5728AAC4DC00CA1168 /* Frameworks */ = {
			isa = PBXFrameworksBuildPhase;
			buildActionMask = 2147483647;
			files = (
				C18B719E28ABA98F00560703 /* TripleA in Frameworks */,
			);
			runOnlyForDeploymentPostprocessing = 0;
		};
/* End PBXFrameworksBuildPhase section */

/* Begin PBXGroup section */
		AA9861102B4D966F0017B7CE /* SimulationJSON */ = {
			isa = PBXGroup;
			children = (
				AA9861112B4D96880017B7CE /* Crypto200OK.json */,
				AA77EC752B502D08001F6599 /* Crypto400KO.json */,
				AA77EC772B51C98F001F6599 /* Marvel200OK.json */,
			);
			path = SimulationJSON;
			sourceTree = "<group>";
		};
		C11DEB5128AAC4DC00CA1168 = {
			isa = PBXGroup;
			children = (
				C1DED18D28AD0380005C68F3 /* Packages */,
				C11DEB5C28AAC4DC00CA1168 /* Example */,
				C11DEB5B28AAC4DC00CA1168 /* Products */,
			);
			sourceTree = "<group>";
		};
		C11DEB5B28AAC4DC00CA1168 /* Products */ = {
			isa = PBXGroup;
			children = (
				C11DEB5A28AAC4DC00CA1168 /* Example.app */,
			);
			name = Products;
			sourceTree = "<group>";
		};
		C11DEB5C28AAC4DC00CA1168 /* Example */ = {
			isa = PBXGroup;
			children = (
				AA9861102B4D966F0017B7CE /* SimulationJSON */,
				C132756F28DCB232003166A8 /* DI */,
				C15CBCB228BB75790043FAC3 /* Presentation */,
				C15CBCA928BB54DC0043FAC3 /* Data */,
				C11DEB6628AAC4DF00CA1168 /* Assets.xcassets */,
				C11DEB6828AAC4DF00CA1168 /* LaunchScreen.storyboard */,
				C11DEB6B28AAC4DF00CA1168 /* Info.plist */,
			);
			path = Example;
			sourceTree = "<group>";
		};
		C132756228DCB13A003166A8 /* Login */ = {
			isa = PBXGroup;
			children = (
				C132756B28DCB18B003166A8 /* LoginController.swift */,
				C132756D28DCB1A0003166A8 /* LoginView.storyboard */,
			);
			path = Login;
			sourceTree = "<group>";
		};
		C132756F28DCB232003166A8 /* DI */ = {
			isa = PBXGroup;
			children = (
				C132757028DCB23D003166A8 /* Container.swift */,
			);
			path = DI;
			sourceTree = "<group>";
		};
		C15CBCA928BB54DC0043FAC3 /* Data */ = {
			isa = PBXGroup;
			children = (
				C15CBCAF28BB55400043FAC3 /* Endpoints */,
				C15CBCAA28BB54E60043FAC3 /* DTO */,
			);
			path = Data;
			sourceTree = "<group>";
		};
		C15CBCAA28BB54E60043FAC3 /* DTO */ = {
			isa = PBXGroup;
			children = (
				C15CBCAB28BB54F70043FAC3 /* ListDTO.swift */,
				C15CBCAD28BB550A0043FAC3 /* CryptoDTO.swift */,
				C15CBD1028BCFD800043FAC3 /* CharacterDTO.swift */,
				C1A2552A28BE334800922597 /* UserDTO.swift */,
			);
			path = DTO;
			sourceTree = "<group>";
		};
		C15CBCAF28BB55400043FAC3 /* Endpoints */ = {
			isa = PBXGroup;
			children = (
				C15CBCB028BB555B0043FAC3 /* CryptoAPI.swift */,
				C15CBCFE28BCD6030043FAC3 /* OAuthAPI.swift */,
				C15CBD0728BCFB940043FAC3 /* MarvelAPI.swift */,
			);
			path = Endpoints;
			sourceTree = "<group>";
		};
		C15CBCB228BB75790043FAC3 /* Presentation */ = {
			isa = PBXGroup;
			children = (
				C15CBCB328BB757F0043FAC3 /* App */,
				C15CBCB428BB75880043FAC3 /* Modules */,
			);
			path = Presentation;
			sourceTree = "<group>";
		};
		C15CBCB328BB757F0043FAC3 /* App */ = {
			isa = PBXGroup;
			children = (
				C11DEB5D28AAC4DC00CA1168 /* AppDelegate.swift */,
				C11DEB5F28AAC4DC00CA1168 /* SceneDelegate.swift */,
			);
			path = App;
			sourceTree = "<group>";
		};
		C15CBCB428BB75880043FAC3 /* Modules */ = {
			isa = PBXGroup;
			children = (
				C132756228DCB13A003166A8 /* Login */,
				C15CBD0028BCF5B00043FAC3 /* ApiKey */,
				C15CBCF028BCD4120043FAC3 /* OAuth */,
				C15CBCC128BB83A60043FAC3 /* CryptoList */,
				C15CBCB528BB75930043FAC3 /* Main */,
			);
			path = Modules;
			sourceTree = "<group>";
		};
		C15CBCB528BB75930043FAC3 /* Main */ = {
			isa = PBXGroup;
			children = (
				C11DEB6328AAC4DC00CA1168 /* Main.storyboard */,
				C15CBCC628BB84F40043FAC3 /* MainController.swift */,
			);
			path = Main;
			sourceTree = "<group>";
		};
		C15CBCBA28BB7C540043FAC3 /* TableViewCell */ = {
			isa = PBXGroup;
			children = (
				C15CBCBD28BB7CBA0043FAC3 /* CryptoCell.swift */,
				C15CBCBE28BB7CBA0043FAC3 /* CryptoCell.xib */,
			);
			path = TableViewCell;
			sourceTree = "<group>";
		};
		C15CBCC128BB83A60043FAC3 /* CryptoList */ = {
			isa = PBXGroup;
			children = (
				C15CBCBA28BB7C540043FAC3 /* TableViewCell */,
				C15CBCB828BB765E0043FAC3 /* CryptoListRouter.swift */,
				C15CBCB628BB75CA0043FAC3 /* CryptoListViewModel.swift */,
				C11DEB6128AAC4DC00CA1168 /* CryptoListController.swift */,
				C15CBCC428BB843F0043FAC3 /* CryptoListView.storyboard */,
			);
			path = CryptoList;
			sourceTree = "<group>";
		};
		C15CBCF028BCD4120043FAC3 /* OAuth */ = {
			isa = PBXGroup;
			children = (
				C15CBCF428BCD4340043FAC3 /* OAuthRouter.swift */,
				C15CBCF128BCD4340043FAC3 /* OAuthViewModel.swift */,
				C15CBCF228BCD4340043FAC3 /* OAuthController.swift */,
				C15CBCF328BCD4340043FAC3 /* OAuthView.storyboard */,
			);
			path = OAuth;
			sourceTree = "<group>";
		};
		C15CBD0028BCF5B00043FAC3 /* ApiKey */ = {
			isa = PBXGroup;
			children = (
				C15CBD0B28BCFD390043FAC3 /* TableViewCell */,
				C15CBD0128BCF5C50043FAC3 /* ApiKeyController.swift */,
				C15CBD0328BCF6060043FAC3 /* ApiKeyViewModel.swift */,
				C15CBD0528BCF62A0043FAC3 /* ApiKeyRouter.swift */,
				C15CBD0928BCFCD50043FAC3 /* ApiKeyView.storyboard */,
			);
			path = ApiKey;
			sourceTree = "<group>";
		};
		C15CBD0B28BCFD390043FAC3 /* TableViewCell */ = {
			isa = PBXGroup;
			children = (
				C15CBD0C28BCFD390043FAC3 /* CharacterCell.swift */,
				C15CBD0D28BCFD390043FAC3 /* CharacterCell.xib */,
			);
			path = TableViewCell;
			sourceTree = "<group>";
		};
		C1DED18D28AD0380005C68F3 /* Packages */ = {
			isa = PBXGroup;
			children = (
				C1DED19028AD04D6005C68F3 /* TripleA */,
			);
			name = Packages;
			sourceTree = "<group>";
		};
/* End PBXGroup section */

/* Begin PBXNativeTarget section */
		C11DEB5928AAC4DC00CA1168 /* Example */ = {
			isa = PBXNativeTarget;
			buildConfigurationList = C11DEB6E28AAC4DF00CA1168 /* Build configuration list for PBXNativeTarget "Example" */;
			buildPhases = (
				C11DEB5628AAC4DC00CA1168 /* Sources */,
				C11DEB5728AAC4DC00CA1168 /* Frameworks */,
				C11DEB5828AAC4DC00CA1168 /* Resources */,
			);
			buildRules = (
			);
			dependencies = (
			);
			name = Example;
			packageProductDependencies = (
				C18B719D28ABA98F00560703 /* TripleA */,
			);
			productName = Example;
			productReference = C11DEB5A28AAC4DC00CA1168 /* Example.app */;
			productType = "com.apple.product-type.application";
		};
/* End PBXNativeTarget section */

/* Begin PBXProject section */
		C11DEB5228AAC4DC00CA1168 /* Project object */ = {
			isa = PBXProject;
			attributes = {
				BuildIndependentTargetsInParallel = 1;
				LastSwiftUpdateCheck = 1340;
				LastUpgradeCheck = 1340;
				TargetAttributes = {
					C11DEB5928AAC4DC00CA1168 = {
						CreatedOnToolsVersion = 13.4.1;
					};
				};
			};
			buildConfigurationList = C11DEB5528AAC4DC00CA1168 /* Build configuration list for PBXProject "Example" */;
			compatibilityVersion = "Xcode 13.0";
			developmentRegion = en;
			hasScannedForEncodings = 0;
			knownRegions = (
				en,
				Base,
			);
			mainGroup = C11DEB5128AAC4DC00CA1168;
			packageReferences = (
				C18B719C28ABA98F00560703 /* XCRemoteSwiftPackageReference "TripleA" */,
			);
			productRefGroup = C11DEB5B28AAC4DC00CA1168 /* Products */;
			projectDirPath = "";
			projectRoot = "";
			targets = (
				C11DEB5928AAC4DC00CA1168 /* Example */,
			);
		};
/* End PBXProject section */

/* Begin PBXResourcesBuildPhase section */
		C11DEB5828AAC4DC00CA1168 /* Resources */ = {
			isa = PBXResourcesBuildPhase;
			buildActionMask = 2147483647;
			files = (
				C15CBD0F28BCFD390043FAC3 /* CharacterCell.xib in Resources */,
				C15CBCC028BB7CBA0043FAC3 /* CryptoCell.xib in Resources */,
				AA77EC782B51C98F001F6599 /* Marvel200OK.json in Resources */,
				C11DEB6A28AAC4DF00CA1168 /* LaunchScreen.storyboard in Resources */,
				C15CBD0A28BCFCD50043FAC3 /* ApiKeyView.storyboard in Resources */,
				C15CBCC528BB843F0043FAC3 /* CryptoListView.storyboard in Resources */,
				C132756E28DCB1A0003166A8 /* LoginView.storyboard in Resources */,
				C11DEB6728AAC4DF00CA1168 /* Assets.xcassets in Resources */,
				C15CBCFA28BCD4340043FAC3 /* OAuthView.storyboard in Resources */,
				C11DEB6528AAC4DC00CA1168 /* Main.storyboard in Resources */,
				AA77EC762B502D08001F6599 /* Crypto400KO.json in Resources */,
				AA9861122B4D96880017B7CE /* Crypto200OK.json in Resources */,
			);
			runOnlyForDeploymentPostprocessing = 0;
		};
/* End PBXResourcesBuildPhase section */

/* Begin PBXSourcesBuildPhase section */
		C11DEB5628AAC4DC00CA1168 /* Sources */ = {
			isa = PBXSourcesBuildPhase;
			buildActionMask = 2147483647;
			files = (
				C15CBCB728BB75CA0043FAC3 /* CryptoListViewModel.swift in Sources */,
				C15CBCB928BB765E0043FAC3 /* CryptoListRouter.swift in Sources */,
				C15CBCBF28BB7CBA0043FAC3 /* CryptoCell.swift in Sources */,
				C15CBD0228BCF5C50043FAC3 /* ApiKeyController.swift in Sources */,
				C15CBCFB28BCD4340043FAC3 /* OAuthRouter.swift in Sources */,
				C15CBD1128BCFD810043FAC3 /* CharacterDTO.swift in Sources */,
				C11DEB6228AAC4DC00CA1168 /* CryptoListController.swift in Sources */,
				C15CBCC728BB84F40043FAC3 /* MainController.swift in Sources */,
				C15CBCB128BB555B0043FAC3 /* CryptoAPI.swift in Sources */,
				C11DEB5E28AAC4DC00CA1168 /* AppDelegate.swift in Sources */,
				C15CBCFF28BCD6030043FAC3 /* OAuthAPI.swift in Sources */,
				C132756C28DCB18B003166A8 /* LoginController.swift in Sources */,
				C11DEB6028AAC4DC00CA1168 /* SceneDelegate.swift in Sources */,
				C1A2552B28BE334800922597 /* UserDTO.swift in Sources */,
				C15CBD0E28BCFD390043FAC3 /* CharacterCell.swift in Sources */,
				C15CBCF828BCD4340043FAC3 /* OAuthViewModel.swift in Sources */,
				C15CBCAC28BB54F70043FAC3 /* ListDTO.swift in Sources */,
				C15CBCF928BCD4340043FAC3 /* OAuthController.swift in Sources */,
				C15CBCAE28BB550A0043FAC3 /* CryptoDTO.swift in Sources */,
				C132757128DCB23D003166A8 /* Container.swift in Sources */,
				C15CBD0828BCFB940043FAC3 /* MarvelAPI.swift in Sources */,
				C15CBD0428BCF6060043FAC3 /* ApiKeyViewModel.swift in Sources */,
				C15CBD0628BCF62A0043FAC3 /* ApiKeyRouter.swift in Sources */,
			);
			runOnlyForDeploymentPostprocessing = 0;
		};
/* End PBXSourcesBuildPhase section */

/* Begin PBXVariantGroup section */
		C11DEB6328AAC4DC00CA1168 /* Main.storyboard */ = {
			isa = PBXVariantGroup;
			children = (
				C11DEB6428AAC4DC00CA1168 /* Base */,
			);
			name = Main.storyboard;
			sourceTree = "<group>";
		};
		C11DEB6828AAC4DF00CA1168 /* LaunchScreen.storyboard */ = {
			isa = PBXVariantGroup;
			children = (
				C11DEB6928AAC4DF00CA1168 /* Base */,
			);
			name = LaunchScreen.storyboard;
			sourceTree = "<group>";
		};
/* End PBXVariantGroup section */

/* Begin XCBuildConfiguration section */
		C11DEB6C28AAC4DF00CA1168 /* Debug */ = {
			isa = XCBuildConfiguration;
			buildSettings = {
				ALWAYS_SEARCH_USER_PATHS = NO;
				CLANG_ANALYZER_NONNULL = YES;
				CLANG_ANALYZER_NUMBER_OBJECT_CONVERSION = YES_AGGRESSIVE;
				CLANG_CXX_LANGUAGE_STANDARD = "gnu++17";
				CLANG_ENABLE_MODULES = YES;
				CLANG_ENABLE_OBJC_ARC = YES;
				CLANG_ENABLE_OBJC_WEAK = YES;
				CLANG_WARN_BLOCK_CAPTURE_AUTORELEASING = YES;
				CLANG_WARN_BOOL_CONVERSION = YES;
				CLANG_WARN_COMMA = YES;
				CLANG_WARN_CONSTANT_CONVERSION = YES;
				CLANG_WARN_DEPRECATED_OBJC_IMPLEMENTATIONS = YES;
				CLANG_WARN_DIRECT_OBJC_ISA_USAGE = YES_ERROR;
				CLANG_WARN_DOCUMENTATION_COMMENTS = YES;
				CLANG_WARN_EMPTY_BODY = YES;
				CLANG_WARN_ENUM_CONVERSION = YES;
				CLANG_WARN_INFINITE_RECURSION = YES;
				CLANG_WARN_INT_CONVERSION = YES;
				CLANG_WARN_NON_LITERAL_NULL_CONVERSION = YES;
				CLANG_WARN_OBJC_IMPLICIT_RETAIN_SELF = YES;
				CLANG_WARN_OBJC_LITERAL_CONVERSION = YES;
				CLANG_WARN_OBJC_ROOT_CLASS = YES_ERROR;
				CLANG_WARN_QUOTED_INCLUDE_IN_FRAMEWORK_HEADER = YES;
				CLANG_WARN_RANGE_LOOP_ANALYSIS = YES;
				CLANG_WARN_STRICT_PROTOTYPES = YES;
				CLANG_WARN_SUSPICIOUS_MOVE = YES;
				CLANG_WARN_UNGUARDED_AVAILABILITY = YES_AGGRESSIVE;
				CLANG_WARN_UNREACHABLE_CODE = YES;
				CLANG_WARN__DUPLICATE_METHOD_MATCH = YES;
				COPY_PHASE_STRIP = NO;
				DEBUG_INFORMATION_FORMAT = dwarf;
				ENABLE_STRICT_OBJC_MSGSEND = YES;
				ENABLE_TESTABILITY = YES;
				GCC_C_LANGUAGE_STANDARD = gnu11;
				GCC_DYNAMIC_NO_PIC = NO;
				GCC_NO_COMMON_BLOCKS = YES;
				GCC_OPTIMIZATION_LEVEL = 0;
				GCC_PREPROCESSOR_DEFINITIONS = (
					"DEBUG=1",
					"$(inherited)",
				);
				GCC_WARN_64_TO_32_BIT_CONVERSION = YES;
				GCC_WARN_ABOUT_RETURN_TYPE = YES_ERROR;
				GCC_WARN_UNDECLARED_SELECTOR = YES;
				GCC_WARN_UNINITIALIZED_AUTOS = YES_AGGRESSIVE;
				GCC_WARN_UNUSED_FUNCTION = YES;
				GCC_WARN_UNUSED_VARIABLE = YES;
				IPHONEOS_DEPLOYMENT_TARGET = 15.5;
				MTL_ENABLE_DEBUG_INFO = INCLUDE_SOURCE;
				MTL_FAST_MATH = YES;
				ONLY_ACTIVE_ARCH = YES;
				SDKROOT = iphoneos;
				SWIFT_ACTIVE_COMPILATION_CONDITIONS = DEBUG;
				SWIFT_OPTIMIZATION_LEVEL = "-Onone";
			};
			name = Debug;
		};
		C11DEB6D28AAC4DF00CA1168 /* Release */ = {
			isa = XCBuildConfiguration;
			buildSettings = {
				ALWAYS_SEARCH_USER_PATHS = NO;
				CLANG_ANALYZER_NONNULL = YES;
				CLANG_ANALYZER_NUMBER_OBJECT_CONVERSION = YES_AGGRESSIVE;
				CLANG_CXX_LANGUAGE_STANDARD = "gnu++17";
				CLANG_ENABLE_MODULES = YES;
				CLANG_ENABLE_OBJC_ARC = YES;
				CLANG_ENABLE_OBJC_WEAK = YES;
				CLANG_WARN_BLOCK_CAPTURE_AUTORELEASING = YES;
				CLANG_WARN_BOOL_CONVERSION = YES;
				CLANG_WARN_COMMA = YES;
				CLANG_WARN_CONSTANT_CONVERSION = YES;
				CLANG_WARN_DEPRECATED_OBJC_IMPLEMENTATIONS = YES;
				CLANG_WARN_DIRECT_OBJC_ISA_USAGE = YES_ERROR;
				CLANG_WARN_DOCUMENTATION_COMMENTS = YES;
				CLANG_WARN_EMPTY_BODY = YES;
				CLANG_WARN_ENUM_CONVERSION = YES;
				CLANG_WARN_INFINITE_RECURSION = YES;
				CLANG_WARN_INT_CONVERSION = YES;
				CLANG_WARN_NON_LITERAL_NULL_CONVERSION = YES;
				CLANG_WARN_OBJC_IMPLICIT_RETAIN_SELF = YES;
				CLANG_WARN_OBJC_LITERAL_CONVERSION = YES;
				CLANG_WARN_OBJC_ROOT_CLASS = YES_ERROR;
				CLANG_WARN_QUOTED_INCLUDE_IN_FRAMEWORK_HEADER = YES;
				CLANG_WARN_RANGE_LOOP_ANALYSIS = YES;
				CLANG_WARN_STRICT_PROTOTYPES = YES;
				CLANG_WARN_SUSPICIOUS_MOVE = YES;
				CLANG_WARN_UNGUARDED_AVAILABILITY = YES_AGGRESSIVE;
				CLANG_WARN_UNREACHABLE_CODE = YES;
				CLANG_WARN__DUPLICATE_METHOD_MATCH = YES;
				COPY_PHASE_STRIP = NO;
				DEBUG_INFORMATION_FORMAT = "dwarf-with-dsym";
				ENABLE_NS_ASSERTIONS = NO;
				ENABLE_STRICT_OBJC_MSGSEND = YES;
				GCC_C_LANGUAGE_STANDARD = gnu11;
				GCC_NO_COMMON_BLOCKS = YES;
				GCC_WARN_64_TO_32_BIT_CONVERSION = YES;
				GCC_WARN_ABOUT_RETURN_TYPE = YES_ERROR;
				GCC_WARN_UNDECLARED_SELECTOR = YES;
				GCC_WARN_UNINITIALIZED_AUTOS = YES_AGGRESSIVE;
				GCC_WARN_UNUSED_FUNCTION = YES;
				GCC_WARN_UNUSED_VARIABLE = YES;
				IPHONEOS_DEPLOYMENT_TARGET = 15.5;
				MTL_ENABLE_DEBUG_INFO = NO;
				MTL_FAST_MATH = YES;
				SDKROOT = iphoneos;
				SWIFT_COMPILATION_MODE = wholemodule;
				SWIFT_OPTIMIZATION_LEVEL = "-O";
				VALIDATE_PRODUCT = YES;
			};
			name = Release;
		};
		C11DEB6F28AAC4DF00CA1168 /* Debug */ = {
			isa = XCBuildConfiguration;
			buildSettings = {
				ASSETCATALOG_COMPILER_APPICON_NAME = AppIcon;
				ASSETCATALOG_COMPILER_GLOBAL_ACCENT_COLOR_NAME = AccentColor;
				CODE_SIGN_STYLE = Automatic;
				CURRENT_PROJECT_VERSION = 1;
				DEVELOPMENT_TEAM = R88CDNMKLQ;
				GENERATE_INFOPLIST_FILE = YES;
				INFOPLIST_FILE = Example/Info.plist;
				INFOPLIST_KEY_UIApplicationSupportsIndirectInputEvents = YES;
				INFOPLIST_KEY_UILaunchStoryboardName = LaunchScreen;
				INFOPLIST_KEY_UIMainStoryboardFile = Main;
				INFOPLIST_KEY_UISupportedInterfaceOrientations_iPad = "UIInterfaceOrientationPortrait UIInterfaceOrientationPortraitUpsideDown UIInterfaceOrientationLandscapeLeft UIInterfaceOrientationLandscapeRight";
				INFOPLIST_KEY_UISupportedInterfaceOrientations_iPhone = "UIInterfaceOrientationPortrait UIInterfaceOrientationLandscapeLeft UIInterfaceOrientationLandscapeRight";
				LD_RUNPATH_SEARCH_PATHS = (
					"$(inherited)",
					"@executable_path/Frameworks",
				);
				MARKETING_VERSION = 1.0;
				PRODUCT_BUNDLE_IDENTIFIER = es.fernandosalom.tripleA.Example2;
				PRODUCT_NAME = "$(TARGET_NAME)";
				SWIFT_EMIT_LOC_STRINGS = YES;
				SWIFT_VERSION = 5.0;
				TARGETED_DEVICE_FAMILY = "1,2";
			};
			name = Debug;
		};
		C11DEB7028AAC4DF00CA1168 /* Release */ = {
			isa = XCBuildConfiguration;
			buildSettings = {
				ASSETCATALOG_COMPILER_APPICON_NAME = AppIcon;
				ASSETCATALOG_COMPILER_GLOBAL_ACCENT_COLOR_NAME = AccentColor;
				CODE_SIGN_STYLE = Automatic;
				CURRENT_PROJECT_VERSION = 1;
				DEVELOPMENT_TEAM = R88CDNMKLQ;
				GENERATE_INFOPLIST_FILE = YES;
				INFOPLIST_FILE = Example/Info.plist;
				INFOPLIST_KEY_UIApplicationSupportsIndirectInputEvents = YES;
				INFOPLIST_KEY_UILaunchStoryboardName = LaunchScreen;
				INFOPLIST_KEY_UIMainStoryboardFile = Main;
				INFOPLIST_KEY_UISupportedInterfaceOrientations_iPad = "UIInterfaceOrientationPortrait UIInterfaceOrientationPortraitUpsideDown UIInterfaceOrientationLandscapeLeft UIInterfaceOrientationLandscapeRight";
				INFOPLIST_KEY_UISupportedInterfaceOrientations_iPhone = "UIInterfaceOrientationPortrait UIInterfaceOrientationLandscapeLeft UIInterfaceOrientationLandscapeRight";
				LD_RUNPATH_SEARCH_PATHS = (
					"$(inherited)",
					"@executable_path/Frameworks",
				);
				MARKETING_VERSION = 1.0;
				PRODUCT_BUNDLE_IDENTIFIER = es.fernandosalom.tripleA.Example2;
				PRODUCT_NAME = "$(TARGET_NAME)";
				SWIFT_EMIT_LOC_STRINGS = YES;
				SWIFT_VERSION = 5.0;
				TARGETED_DEVICE_FAMILY = "1,2";
			};
			name = Release;
		};
/* End XCBuildConfiguration section */

/* Begin XCConfigurationList section */
		C11DEB5528AAC4DC00CA1168 /* Build configuration list for PBXProject "Example" */ = {
			isa = XCConfigurationList;
			buildConfigurations = (
				C11DEB6C28AAC4DF00CA1168 /* Debug */,
				C11DEB6D28AAC4DF00CA1168 /* Release */,
			);
			defaultConfigurationIsVisible = 0;
			defaultConfigurationName = Release;
		};
		C11DEB6E28AAC4DF00CA1168 /* Build configuration list for PBXNativeTarget "Example" */ = {
			isa = XCConfigurationList;
			buildConfigurations = (
				C11DEB6F28AAC4DF00CA1168 /* Debug */,
				C11DEB7028AAC4DF00CA1168 /* Release */,
			);
			defaultConfigurationIsVisible = 0;
			defaultConfigurationName = Release;
		};
/* End XCConfigurationList section */

/* Begin XCRemoteSwiftPackageReference section */
		C18B719C28ABA98F00560703 /* XCRemoteSwiftPackageReference "TripleA" */ = {
			isa = XCRemoteSwiftPackageReference;
			repositoryURL = "https://github.com/fsalom/TripleA";
			requirement = {
				branch = main;
				kind = branch;
			};
		};
/* End XCRemoteSwiftPackageReference section */

/* Begin XCSwiftPackageProductDependency section */
		C18B719D28ABA98F00560703 /* TripleA */ = {
			isa = XCSwiftPackageProductDependency;
			package = C18B719C28ABA98F00560703 /* XCRemoteSwiftPackageReference "TripleA" */;
			productName = TripleA;
		};
/* End XCSwiftPackageProductDependency section */
	};
	rootObject = C11DEB5228AAC4DC00CA1168 /* Project object */;
}
